// !$*UTF8*$!
{
	archiveVersion = 1;
	classes = {
	};
	objectVersion = 48;
	objects = {

/* Begin PBXBuildFile section */
		18A2F9FF1F8D2C69007311BE /* HealthKitManager.m in Sources */ = {isa = PBXBuildFile; fileRef = 18A2F9FE1F8D2C69007311BE /* HealthKitManager.m */; };
		18A2FA021F8D2F42007311BE /* XYMapViewController.m in Sources */ = {isa = PBXBuildFile; fileRef = 18A2FA011F8D2F42007311BE /* XYMapViewController.m */; };
		18A2FA051F8D2FD6007311BE /* XYLocationManager.m in Sources */ = {isa = PBXBuildFile; fileRef = 18A2FA041F8D2FD6007311BE /* XYLocationManager.m */; };
		18A5AC711F8BD86D0027E7B3 /* LocationConverter.m in Sources */ = {isa = PBXBuildFile; fileRef = 18A5AC6F1F8BD86C0027E7B3 /* LocationConverter.m */; };
		18A5AC761F8BE92A0027E7B3 /* insert_dylib in Resources */ = {isa = PBXBuildFile; fileRef = 18A5AC731F8BE92A0027E7B3 /* insert_dylib */; };
		18A5AC771F8BE92A0027E7B3 /* ioswechat.dylib in Frameworks */ = {isa = PBXBuildFile; fileRef = 18A5AC741F8BE92A0027E7B3 /* ioswechat.dylib */; };
		18A5AC781F8BE92A0027E7B3 /* libsubstrate.dylib in Frameworks */ = {isa = PBXBuildFile; fileRef = 18A5AC751F8BE92A0027E7B3 /* libsubstrate.dylib */; };
		18EE1C491F8FCBAF006B00F3 /* NSString+FileExtend.m in Sources */ = {isa = PBXBuildFile; fileRef = 18EE1C3F1F8FCBAD006B00F3 /* NSString+FileExtend.m */; };
		18EE1C4A1F8FCBAF006B00F3 /* OSFileManager.m in Sources */ = {isa = PBXBuildFile; fileRef = 18EE1C421F8FCBAE006B00F3 /* OSFileManager.m */; };
		18EE1C4B1F8FCBAF006B00F3 /* DirectoryWatcher.m in Sources */ = {isa = PBXBuildFile; fileRef = 18EE1C441F8FCBAE006B00F3 /* DirectoryWatcher.m */; };
		18EE1C4C1F8FCBAF006B00F3 /* FoldersViewController.m in Sources */ = {isa = PBXBuildFile; fileRef = 18EE1C451F8FCBAE006B00F3 /* FoldersViewController.m */; };
		18EE1C4D1F8FCBAF006B00F3 /* MBProgressHUD.m in Sources */ = {isa = PBXBuildFile; fileRef = 18EE1C461F8FCBAE006B00F3 /* MBProgressHUD.m */; };
		18EE1C4E1F8FCBAF006B00F3 /* NSObject+IvarList.m in Sources */ = {isa = PBXBuildFile; fileRef = 18EE1C481F8FCBAE006B00F3 /* NSObject+IvarList.m */; };
		18EE1C511F8FCBB8006B00F3 /* ExceptionUtils.m in Sources */ = {isa = PBXBuildFile; fileRef = 18EE1C501F8FCBB8006B00F3 /* ExceptionUtils.m */; };
		18EE1C541F8FCFBA006B00F3 /* SuspensionControl.m in Sources */ = {isa = PBXBuildFile; fileRef = 18EE1C531F8FCFBA006B00F3 /* SuspensionControl.m */; };
		18F0A0EC1F8A4FBC00520154 /* AppDelegate.m in Sources */ = {isa = PBXBuildFile; fileRef = 18F0A0EB1F8A4FBC00520154 /* AppDelegate.m */; };
		18F0A0EF1F8A4FBC00520154 /* ViewController.m in Sources */ = {isa = PBXBuildFile; fileRef = 18F0A0EE1F8A4FBC00520154 /* ViewController.m */; };
		18F0A0F21F8A4FBC00520154 /* Main.storyboard in Resources */ = {isa = PBXBuildFile; fileRef = 18F0A0F01F8A4FBC00520154 /* Main.storyboard */; };
		18F0A0F41F8A4FBC00520154 /* Assets.xcassets in Resources */ = {isa = PBXBuildFile; fileRef = 18F0A0F31F8A4FBC00520154 /* Assets.xcassets */; };
		18F0A0F71F8A4FBC00520154 /* LaunchScreen.storyboard in Resources */ = {isa = PBXBuildFile; fileRef = 18F0A0F51F8A4FBC00520154 /* LaunchScreen.storyboard */; };
		18F0A0FA1F8A4FBC00520154 /* main.m in Sources */ = {isa = PBXBuildFile; fileRef = 18F0A0F91F8A4FBC00520154 /* main.m */; };
		18F0A1181F8A506E00520154 /* Code in Resources */ = {isa = PBXBuildFile; fileRef = 18F0A1011F8A506E00520154 /* Code */; };
		18F0A1191F8A506E00520154 /* control in Resources */ = {isa = PBXBuildFile; fileRef = 18F0A1021F8A506E00520154 /* control */; };
		18F0A11A1F8A506E00520154 /* ioswechat.plist in Resources */ = {isa = PBXBuildFile; fileRef = 18F0A1031F8A506E00520154 /* ioswechat.plist */; };
		18F0A11B1F8A506E00520154 /* Makefile in Sources */ = {isa = PBXBuildFile; fileRef = 18F0A1041F8A506E00520154 /* Makefile */; };
		18F0A11F1F8A506E00520154 /* com.ossey.ioswechat_0.0.1-1+debug_iphoneos-arm.deb in Frameworks */ = {isa = PBXBuildFile; fileRef = 18F0A10A1F8A506E00520154 /* com.ossey.ioswechat_0.0.1-1+debug_iphoneos-arm.deb */; };
		18F0A1201F8A506E00520154 /* com.ossey.ioswechat_0.0.1-2+debug_iphoneos-arm.deb in Frameworks */ = {isa = PBXBuildFile; fileRef = 18F0A10B1F8A506E00520154 /* com.ossey.ioswechat_0.0.1-2+debug_iphoneos-arm.deb */; };
		18F0A1211F8A506E00520154 /* com.ossey.ioswechat_0.0.1-3+debug_iphoneos-arm.deb in Frameworks */ = {isa = PBXBuildFile; fileRef = 18F0A10C1F8A506E00520154 /* com.ossey.ioswechat_0.0.1-3+debug_iphoneos-arm.deb */; };
		18F0A1221F8A506E00520154 /* Tweak.xm in Resources */ = {isa = PBXBuildFile; fileRef = 18F0A1121F8A506E00520154 /* Tweak.xm */; };
		18F0A1231F8A506E00520154 /* XYExtensionConfig.m in Sources */ = {isa = PBXBuildFile; fileRef = 18F0A1151F8A506E00520154 /* XYExtensionConfig.m */; };
		18F0A1241F8A506E00520154 /* XYExtensionsViewController.m in Sources */ = {isa = PBXBuildFile; fileRef = 18F0A1171F8A506E00520154 /* XYExtensionsViewController.m */; };
		18F0A1261F8A507C00520154 /* README.md in Resources */ = {isa = PBXBuildFile; fileRef = 18F0A1251F8A507C00520154 /* README.md */; };
/* End PBXBuildFile section */

/* Begin PBXFileReference section */
		18A2F9FD1F8D2C69007311BE /* HealthKitManager.h */ = {isa = PBXFileReference; lastKnownFileType = sourcecode.c.h; path = HealthKitManager.h; sourceTree = "<group>"; };
		18A2F9FE1F8D2C69007311BE /* HealthKitManager.m */ = {isa = PBXFileReference; lastKnownFileType = sourcecode.c.objc; path = HealthKitManager.m; sourceTree = "<group>"; };
		18A2FA001F8D2F42007311BE /* XYMapViewController.h */ = {isa = PBXFileReference; lastKnownFileType = sourcecode.c.h; path = XYMapViewController.h; sourceTree = "<group>"; };
		18A2FA011F8D2F42007311BE /* XYMapViewController.m */ = {isa = PBXFileReference; lastKnownFileType = sourcecode.c.objc; path = XYMapViewController.m; sourceTree = "<group>"; };
		18A2FA031F8D2FD6007311BE /* XYLocationManager.h */ = {isa = PBXFileReference; lastKnownFileType = sourcecode.c.h; path = XYLocationManager.h; sourceTree = "<group>"; };
		18A2FA041F8D2FD6007311BE /* XYLocationManager.m */ = {isa = PBXFileReference; lastKnownFileType = sourcecode.c.objc; path = XYLocationManager.m; sourceTree = "<group>"; };
		18A5AC6F1F8BD86C0027E7B3 /* LocationConverter.m */ = {isa = PBXFileReference; fileEncoding = 4; lastKnownFileType = sourcecode.c.objc; path = LocationConverter.m; sourceTree = "<group>"; };
		18A5AC701F8BD86D0027E7B3 /* LocationConverter.h */ = {isa = PBXFileReference; fileEncoding = 4; lastKnownFileType = sourcecode.c.h; path = LocationConverter.h; sourceTree = "<group>"; };
		18A5AC731F8BE92A0027E7B3 /* insert_dylib */ = {isa = PBXFileReference; lastKnownFileType = "compiled.mach-o.executable"; path = insert_dylib; sourceTree = "<group>"; };
		18A5AC741F8BE92A0027E7B3 /* ioswechat.dylib */ = {isa = PBXFileReference; lastKnownFileType = "compiled.mach-o.dylib"; path = ioswechat.dylib; sourceTree = "<group>"; };
		18A5AC751F8BE92A0027E7B3 /* libsubstrate.dylib */ = {isa = PBXFileReference; lastKnownFileType = "compiled.mach-o.dylib"; path = libsubstrate.dylib; sourceTree = "<group>"; };
		18EE1C3D1F8FCBAD006B00F3 /* DirectoryWatcher.h */ = {isa = PBXFileReference; fileEncoding = 4; lastKnownFileType = sourcecode.c.h; path = DirectoryWatcher.h; sourceTree = "<group>"; };
		18EE1C3E1F8FCBAD006B00F3 /* MBProgressHUD.h */ = {isa = PBXFileReference; fileEncoding = 4; lastKnownFileType = sourcecode.c.h; path = MBProgressHUD.h; sourceTree = "<group>"; };
		18EE1C3F1F8FCBAD006B00F3 /* NSString+FileExtend.m */ = {isa = PBXFileReference; fileEncoding = 4; lastKnownFileType = sourcecode.c.objc; path = "NSString+FileExtend.m"; sourceTree = "<group>"; };
		18EE1C401F8FCBAD006B00F3 /* FoldersViewController.h */ = {isa = PBXFileReference; fileEncoding = 4; lastKnownFileType = sourcecode.c.h; path = FoldersViewController.h; sourceTree = "<group>"; };
		18EE1C411F8FCBAE006B00F3 /* NSString+FileExtend.h */ = {isa = PBXFileReference; fileEncoding = 4; lastKnownFileType = sourcecode.c.h; path = "NSString+FileExtend.h"; sourceTree = "<group>"; };
		18EE1C421F8FCBAE006B00F3 /* OSFileManager.m */ = {isa = PBXFileReference; fileEncoding = 4; lastKnownFileType = sourcecode.c.objc; path = OSFileManager.m; sourceTree = "<group>"; };
		18EE1C431F8FCBAE006B00F3 /* OSFileManager.h */ = {isa = PBXFileReference; fileEncoding = 4; lastKnownFileType = sourcecode.c.h; path = OSFileManager.h; sourceTree = "<group>"; };
		18EE1C441F8FCBAE006B00F3 /* DirectoryWatcher.m */ = {isa = PBXFileReference; fileEncoding = 4; lastKnownFileType = sourcecode.c.objc; path = DirectoryWatcher.m; sourceTree = "<group>"; };
		18EE1C451F8FCBAE006B00F3 /* FoldersViewController.m */ = {isa = PBXFileReference; fileEncoding = 4; lastKnownFileType = sourcecode.c.objc; path = FoldersViewController.m; sourceTree = "<group>"; };
		18EE1C461F8FCBAE006B00F3 /* MBProgressHUD.m */ = {isa = PBXFileReference; fileEncoding = 4; lastKnownFileType = sourcecode.c.objc; path = MBProgressHUD.m; sourceTree = "<group>"; };
		18EE1C471F8FCBAE006B00F3 /* NSObject+IvarList.h */ = {isa = PBXFileReference; fileEncoding = 4; lastKnownFileType = sourcecode.c.h; path = "NSObject+IvarList.h"; sourceTree = "<group>"; };
		18EE1C481F8FCBAE006B00F3 /* NSObject+IvarList.m */ = {isa = PBXFileReference; fileEncoding = 4; lastKnownFileType = sourcecode.c.objc; path = "NSObject+IvarList.m"; sourceTree = "<group>"; };
		18EE1C4F1F8FCBB8006B00F3 /* ExceptionUtils.h */ = {isa = PBXFileReference; fileEncoding = 4; lastKnownFileType = sourcecode.c.h; path = ExceptionUtils.h; sourceTree = "<group>"; };
		18EE1C501F8FCBB8006B00F3 /* ExceptionUtils.m */ = {isa = PBXFileReference; fileEncoding = 4; lastKnownFileType = sourcecode.c.objc; path = ExceptionUtils.m; sourceTree = "<group>"; };
		18EE1C521F8FCFB9006B00F3 /* SuspensionControl.h */ = {isa = PBXFileReference; fileEncoding = 4; lastKnownFileType = sourcecode.c.h; path = SuspensionControl.h; sourceTree = "<group>"; };
		18EE1C531F8FCFBA006B00F3 /* SuspensionControl.m */ = {isa = PBXFileReference; fileEncoding = 4; lastKnownFileType = sourcecode.c.objc; path = SuspensionControl.m; sourceTree = "<group>"; };
		18F0A0E71F8A4FBC00520154 /* WeChatExtensions.app */ = {isa = PBXFileReference; explicitFileType = wrapper.application; includeInIndex = 0; path = WeChatExtensions.app; sourceTree = BUILT_PRODUCTS_DIR; };
		18F0A0EA1F8A4FBC00520154 /* AppDelegate.h */ = {isa = PBXFileReference; lastKnownFileType = sourcecode.c.h; path = AppDelegate.h; sourceTree = "<group>"; };
		18F0A0EB1F8A4FBC00520154 /* AppDelegate.m */ = {isa = PBXFileReference; lastKnownFileType = sourcecode.c.objc; path = AppDelegate.m; sourceTree = "<group>"; };
		18F0A0ED1F8A4FBC00520154 /* ViewController.h */ = {isa = PBXFileReference; lastKnownFileType = sourcecode.c.h; path = ViewController.h; sourceTree = "<group>"; };
		18F0A0EE1F8A4FBC00520154 /* ViewController.m */ = {isa = PBXFileReference; lastKnownFileType = sourcecode.c.objc; path = ViewController.m; sourceTree = "<group>"; };
		18F0A0F11F8A4FBC00520154 /* Base */ = {isa = PBXFileReference; lastKnownFileType = file.storyboard; name = Base; path = Base.lproj/Main.storyboard; sourceTree = "<group>"; };
		18F0A0F31F8A4FBC00520154 /* Assets.xcassets */ = {isa = PBXFileReference; lastKnownFileType = folder.assetcatalog; path = Assets.xcassets; sourceTree = "<group>"; };
		18F0A0F61F8A4FBC00520154 /* Base */ = {isa = PBXFileReference; lastKnownFileType = file.storyboard; name = Base; path = Base.lproj/LaunchScreen.storyboard; sourceTree = "<group>"; };
		18F0A0F81F8A4FBC00520154 /* Info.plist */ = {isa = PBXFileReference; lastKnownFileType = text.plist.xml; path = Info.plist; sourceTree = "<group>"; };
		18F0A0F91F8A4FBC00520154 /* main.m */ = {isa = PBXFileReference; lastKnownFileType = sourcecode.c.objc; path = main.m; sourceTree = "<group>"; };
		18F0A1011F8A506E00520154 /* Code */ = {isa = PBXFileReference; fileEncoding = 4; lastKnownFileType = text; path = Code; sourceTree = "<group>"; };
		18F0A1021F8A506E00520154 /* control */ = {isa = PBXFileReference; fileEncoding = 4; lastKnownFileType = text; path = control; sourceTree = "<group>"; };
		18F0A1031F8A506E00520154 /* ioswechat.plist */ = {isa = PBXFileReference; lastKnownFileType = text.plist; path = ioswechat.plist; sourceTree = "<group>"; };
		18F0A1041F8A506E00520154 /* Makefile */ = {isa = PBXFileReference; fileEncoding = 4; lastKnownFileType = sourcecode.make; path = Makefile; sourceTree = "<group>"; };
		18F0A10A1F8A506E00520154 /* com.ossey.ioswechat_0.0.1-1+debug_iphoneos-arm.deb */ = {isa = PBXFileReference; lastKnownFileType = archive.ar; path = "com.ossey.ioswechat_0.0.1-1+debug_iphoneos-arm.deb"; sourceTree = "<group>"; };
		18F0A10B1F8A506E00520154 /* com.ossey.ioswechat_0.0.1-2+debug_iphoneos-arm.deb */ = {isa = PBXFileReference; lastKnownFileType = archive.ar; path = "com.ossey.ioswechat_0.0.1-2+debug_iphoneos-arm.deb"; sourceTree = "<group>"; };
		18F0A10C1F8A506E00520154 /* com.ossey.ioswechat_0.0.1-3+debug_iphoneos-arm.deb */ = {isa = PBXFileReference; lastKnownFileType = archive.ar; path = "com.ossey.ioswechat_0.0.1-3+debug_iphoneos-arm.deb"; sourceTree = "<group>"; };
		18F0A1121F8A506E00520154 /* Tweak.xm */ = {isa = PBXFileReference; fileEncoding = 4; lastKnownFileType = text; path = Tweak.xm; sourceTree = "<group>"; };
		18F0A1141F8A506E00520154 /* XYExtensionConfig.h */ = {isa = PBXFileReference; fileEncoding = 4; lastKnownFileType = sourcecode.c.h; path = XYExtensionConfig.h; sourceTree = "<group>"; };
		18F0A1151F8A506E00520154 /* XYExtensionConfig.m */ = {isa = PBXFileReference; fileEncoding = 4; lastKnownFileType = sourcecode.c.objc; path = XYExtensionConfig.m; sourceTree = "<group>"; };
		18F0A1161F8A506E00520154 /* XYExtensionsViewController.h */ = {isa = PBXFileReference; fileEncoding = 4; lastKnownFileType = sourcecode.c.h; path = XYExtensionsViewController.h; sourceTree = "<group>"; };
		18F0A1171F8A506E00520154 /* XYExtensionsViewController.m */ = {isa = PBXFileReference; fileEncoding = 4; lastKnownFileType = sourcecode.c.objc; path = XYExtensionsViewController.m; sourceTree = "<group>"; };
		18F0A1251F8A507C00520154 /* README.md */ = {isa = PBXFileReference; fileEncoding = 4; lastKnownFileType = net.daringfireball.markdown; path = README.md; sourceTree = SOURCE_ROOT; };
		18F0A1271F8A5F3E00520154 /* WeChatHeaders.h */ = {isa = PBXFileReference; fileEncoding = 4; lastKnownFileType = sourcecode.c.h; path = WeChatHeaders.h; sourceTree = "<group>"; };
		18F0A1281F8A636B00520154 /* CaptainHook.h */ = {isa = PBXFileReference; fileEncoding = 4; lastKnownFileType = sourcecode.c.h; path = CaptainHook.h; sourceTree = "<group>"; };
/* End PBXFileReference section */

/* Begin PBXFrameworksBuildPhase section */
		18F0A0E41F8A4FBC00520154 /* Frameworks */ = {
			isa = PBXFrameworksBuildPhase;
			buildActionMask = 2147483647;
			files = (
				18A5AC771F8BE92A0027E7B3 /* ioswechat.dylib in Frameworks */,
				18F0A1211F8A506E00520154 /* com.ossey.ioswechat_0.0.1-3+debug_iphoneos-arm.deb in Frameworks */,
				18A5AC781F8BE92A0027E7B3 /* libsubstrate.dylib in Frameworks */,
				18F0A11F1F8A506E00520154 /* com.ossey.ioswechat_0.0.1-1+debug_iphoneos-arm.deb in Frameworks */,
				18F0A1201F8A506E00520154 /* com.ossey.ioswechat_0.0.1-2+debug_iphoneos-arm.deb in Frameworks */,
			);
			runOnlyForDeploymentPostprocessing = 0;
		};
/* End PBXFrameworksBuildPhase section */

/* Begin PBXGroup section */
		18A5AC721F8BE92A0027E7B3 /* dylib */ = {
			isa = PBXGroup;
			children = (
				18A5AC731F8BE92A0027E7B3 /* insert_dylib */,
				18A5AC741F8BE92A0027E7B3 /* ioswechat.dylib */,
				18A5AC751F8BE92A0027E7B3 /* libsubstrate.dylib */,
			);
			path = dylib;
			sourceTree = "<group>";
		};
		18F0A0DE1F8A4FBC00520154 = {
			isa = PBXGroup;
			children = (
				18F0A0E91F8A4FBC00520154 /* WeChatExtensions */,
				18F0A0E81F8A4FBC00520154 /* Products */,
			);
			sourceTree = "<group>";
		};
		18F0A0E81F8A4FBC00520154 /* Products */ = {
			isa = PBXGroup;
			children = (
				18F0A0E71F8A4FBC00520154 /* WeChatExtensions.app */,
			);
			name = Products;
			sourceTree = "<group>";
		};
		18F0A0E91F8A4FBC00520154 /* WeChatExtensions */ = {
			isa = PBXGroup;
			children = (
				18F0A1251F8A507C00520154 /* README.md */,
				18F0A1001F8A506E00520154 /* ioswechat */,
				18F0A0EA1F8A4FBC00520154 /* AppDelegate.h */,
				18F0A0EB1F8A4FBC00520154 /* AppDelegate.m */,
				18F0A0ED1F8A4FBC00520154 /* ViewController.h */,
				18F0A0EE1F8A4FBC00520154 /* ViewController.m */,
				18F0A0F01F8A4FBC00520154 /* Main.storyboard */,
				18F0A0F31F8A4FBC00520154 /* Assets.xcassets */,
				18F0A0F51F8A4FBC00520154 /* LaunchScreen.storyboard */,
				18F0A0F81F8A4FBC00520154 /* Info.plist */,
				18F0A0F91F8A4FBC00520154 /* main.m */,
			);
			path = WeChatExtensions;
			sourceTree = "<group>";
		};
		18F0A1001F8A506E00520154 /* ioswechat */ = {
			isa = PBXGroup;
			children = (
				18F0A1011F8A506E00520154 /* Code */,
				18F0A1021F8A506E00520154 /* control */,
				18F0A1031F8A506E00520154 /* ioswechat.plist */,
				18F0A1041F8A506E00520154 /* Makefile */,
				18A5AC721F8BE92A0027E7B3 /* dylib */,
				18F0A1091F8A506E00520154 /* packages */,
				18F0A10D1F8A506E00520154 /* Repository */,
				18F0A1111F8A506E00520154 /* src */,
			);
			path = ioswechat;
			sourceTree = SOURCE_ROOT;
		};
		18F0A1091F8A506E00520154 /* packages */ = {
			isa = PBXGroup;
			children = (
				18F0A10A1F8A506E00520154 /* com.ossey.ioswechat_0.0.1-1+debug_iphoneos-arm.deb */,
				18F0A10B1F8A506E00520154 /* com.ossey.ioswechat_0.0.1-2+debug_iphoneos-arm.deb */,
				18F0A10C1F8A506E00520154 /* com.ossey.ioswechat_0.0.1-3+debug_iphoneos-arm.deb */,
			);
			path = packages;
			sourceTree = "<group>";
		};
		18F0A10D1F8A506E00520154 /* Repository */ = {
			isa = PBXGroup;
			children = (
				18F0A10E1F8A506E00520154 /* WeChatPlugin */,
			);
			path = Repository;
			sourceTree = "<group>";
		};
		18F0A10E1F8A506E00520154 /* WeChatPlugin */ = {
			isa = PBXGroup;
			children = (
				18F0A10F1F8A506E00520154 /* ioswechat */,
			);
			path = WeChatPlugin;
			sourceTree = "<group>";
		};
		18F0A10F1F8A506E00520154 /* ioswechat */ = {
			isa = PBXGroup;
			children = (
				18F0A1101F8A506E00520154 /* .theos */,
			);
			path = ioswechat;
			sourceTree = "<group>";
		};
		18F0A1101F8A506E00520154 /* .theos */ = {
			isa = PBXGroup;
			children = (
			);
			path = .theos;
			sourceTree = "<group>";
		};
		18F0A1111F8A506E00520154 /* src */ = {
			isa = PBXGroup;
			children = (
				18EE1C521F8FCFB9006B00F3 /* SuspensionControl.h */,
				18EE1C531F8FCFBA006B00F3 /* SuspensionControl.m */,
				18EE1C4F1F8FCBB8006B00F3 /* ExceptionUtils.h */,
				18EE1C501F8FCBB8006B00F3 /* ExceptionUtils.m */,
				18EE1C3D1F8FCBAD006B00F3 /* DirectoryWatcher.h */,
				18EE1C441F8FCBAE006B00F3 /* DirectoryWatcher.m */,
				18EE1C401F8FCBAD006B00F3 /* FoldersViewController.h */,
				18EE1C451F8FCBAE006B00F3 /* FoldersViewController.m */,
				18EE1C3E1F8FCBAD006B00F3 /* MBProgressHUD.h */,
				18EE1C461F8FCBAE006B00F3 /* MBProgressHUD.m */,
				18EE1C471F8FCBAE006B00F3 /* NSObject+IvarList.h */,
				18EE1C481F8FCBAE006B00F3 /* NSObject+IvarList.m */,
				18EE1C411F8FCBAE006B00F3 /* NSString+FileExtend.h */,
				18EE1C3F1F8FCBAD006B00F3 /* NSString+FileExtend.m */,
				18EE1C431F8FCBAE006B00F3 /* OSFileManager.h */,
				18EE1C421F8FCBAE006B00F3 /* OSFileManager.m */,
				18A5AC701F8BD86D0027E7B3 /* LocationConverter.h */,
				18A5AC6F1F8BD86C0027E7B3 /* LocationConverter.m */,
				18F0A1281F8A636B00520154 /* CaptainHook.h */,
				18F0A1121F8A506E00520154 /* Tweak.xm */,
				18F0A1271F8A5F3E00520154 /* WeChatHeaders.h */,
				18F0A1141F8A506E00520154 /* XYExtensionConfig.h */,
				18F0A1151F8A506E00520154 /* XYExtensionConfig.m */,
				18F0A1161F8A506E00520154 /* XYExtensionsViewController.h */,
				18F0A1171F8A506E00520154 /* XYExtensionsViewController.m */,
				18A2F9FD1F8D2C69007311BE /* HealthKitManager.h */,
				18A2F9FE1F8D2C69007311BE /* HealthKitManager.m */,
				18A2FA001F8D2F42007311BE /* XYMapViewController.h */,
				18A2FA011F8D2F42007311BE /* XYMapViewController.m */,
				18A2FA031F8D2FD6007311BE /* XYLocationManager.h */,
				18A2FA041F8D2FD6007311BE /* XYLocationManager.m */,
			);
			path = src;
			sourceTree = "<group>";
		};
/* End PBXGroup section */

/* Begin PBXNativeTarget section */
		18F0A0E61F8A4FBC00520154 /* WeChatExtensions */ = {
			isa = PBXNativeTarget;
			buildConfigurationList = 18F0A0FD1F8A4FBC00520154 /* Build configuration list for PBXNativeTarget "WeChatExtensions" */;
			buildPhases = (
				18F0A0E31F8A4FBC00520154 /* Sources */,
				18F0A0E41F8A4FBC00520154 /* Frameworks */,
				18F0A0E51F8A4FBC00520154 /* Resources */,
			);
			buildRules = (
			);
			dependencies = (
			);
			name = WeChatExtensions;
			productName = WeChatExtensions;
			productReference = 18F0A0E71F8A4FBC00520154 /* WeChatExtensions.app */;
			productType = "com.apple.product-type.application";
		};
/* End PBXNativeTarget section */

/* Begin PBXProject section */
		18F0A0DF1F8A4FBC00520154 /* Project object */ = {
			isa = PBXProject;
			attributes = {
				LastUpgradeCheck = 0910;
				ORGANIZATIONNAME = Ossey;
				TargetAttributes = {
					18F0A0E61F8A4FBC00520154 = {
						CreatedOnToolsVersion = 9.1;
						ProvisioningStyle = Automatic;
					};
				};
			};
			buildConfigurationList = 18F0A0E21F8A4FBC00520154 /* Build configuration list for PBXProject "WeChatExtensions" */;
			compatibilityVersion = "Xcode 8.0";
			developmentRegion = en;
			hasScannedForEncodings = 0;
			knownRegions = (
				en,
				Base,
			);
			mainGroup = 18F0A0DE1F8A4FBC00520154;
			productRefGroup = 18F0A0E81F8A4FBC00520154 /* Products */;
			projectDirPath = "";
			projectRoot = "";
			targets = (
				18F0A0E61F8A4FBC00520154 /* WeChatExtensions */,
			);
		};
/* End PBXProject section */

/* Begin PBXResourcesBuildPhase section */
		18F0A0E51F8A4FBC00520154 /* Resources */ = {
			isa = PBXResourcesBuildPhase;
			buildActionMask = 2147483647;
			files = (
				18F0A0F71F8A4FBC00520154 /* LaunchScreen.storyboard in Resources */,
				18F0A0F41F8A4FBC00520154 /* Assets.xcassets in Resources */,
				18F0A0F21F8A4FBC00520154 /* Main.storyboard in Resources */,
				18A5AC761F8BE92A0027E7B3 /* insert_dylib in Resources */,
				18F0A1191F8A506E00520154 /* control in Resources */,
				18F0A11A1F8A506E00520154 /* ioswechat.plist in Resources */,
				18F0A1261F8A507C00520154 /* README.md in Resources */,
				18F0A1181F8A506E00520154 /* Code in Resources */,
				18F0A1221F8A506E00520154 /* Tweak.xm in Resources */,
			);
			runOnlyForDeploymentPostprocessing = 0;
		};
/* End PBXResourcesBuildPhase section */

/* Begin PBXSourcesBuildPhase section */
		18F0A0E31F8A4FBC00520154 /* Sources */ = {
			isa = PBXSourcesBuildPhase;
			buildActionMask = 2147483647;
			files = (
				18EE1C511F8FCBB8006B00F3 /* ExceptionUtils.m in Sources */,
				18EE1C4C1F8FCBAF006B00F3 /* FoldersViewController.m in Sources */,
				18EE1C541F8FCFBA006B00F3 /* SuspensionControl.m in Sources */,
				18F0A0EF1F8A4FBC00520154 /* ViewController.m in Sources */,
				18F0A1241F8A506E00520154 /* XYExtensionsViewController.m in Sources */,
				18F0A0FA1F8A4FBC00520154 /* main.m in Sources */,
				18EE1C4A1F8FCBAF006B00F3 /* OSFileManager.m in Sources */,
				18A2F9FF1F8D2C69007311BE /* HealthKitManager.m in Sources */,
				18A2FA021F8D2F42007311BE /* XYMapViewController.m in Sources */,
				18EE1C4D1F8FCBAF006B00F3 /* MBProgressHUD.m in Sources */,
				18A2FA051F8D2FD6007311BE /* XYLocationManager.m in Sources */,
				18F0A11B1F8A506E00520154 /* Makefile in Sources */,
				18F0A0EC1F8A4FBC00520154 /* AppDelegate.m in Sources */,
				18F0A1231F8A506E00520154 /* XYExtensionConfig.m in Sources */,
				18A5AC711F8BD86D0027E7B3 /* LocationConverter.m in Sources */,
				18EE1C4B1F8FCBAF006B00F3 /* DirectoryWatcher.m in Sources */,
				18EE1C491F8FCBAF006B00F3 /* NSString+FileExtend.m in Sources */,
				18EE1C4E1F8FCBAF006B00F3 /* NSObject+IvarList.m in Sources */,
			);
			runOnlyForDeploymentPostprocessing = 0;
		};
/* End PBXSourcesBuildPhase section */

/* Begin PBXVariantGroup section */
		18F0A0F01F8A4FBC00520154 /* Main.storyboard */ = {
			isa = PBXVariantGroup;
			children = (
				18F0A0F11F8A4FBC00520154 /* Base */,
			);
			name = Main.storyboard;
			sourceTree = "<group>";
		};
		18F0A0F51F8A4FBC00520154 /* LaunchScreen.storyboard */ = {
			isa = PBXVariantGroup;
			children = (
				18F0A0F61F8A4FBC00520154 /* Base */,
			);
			name = LaunchScreen.storyboard;
			sourceTree = "<group>";
		};
/* End PBXVariantGroup section */

/* Begin XCBuildConfiguration section */
		18F0A0FB1F8A4FBC00520154 /* Debug */ = {
			isa = XCBuildConfiguration;
			buildSettings = {
				ALWAYS_SEARCH_USER_PATHS = NO;
				CLANG_ANALYZER_NONNULL = YES;
				CLANG_ANALYZER_NUMBER_OBJECT_CONVERSION = YES_AGGRESSIVE;
				CLANG_CXX_LANGUAGE_STANDARD = "gnu++14";
				CLANG_CXX_LIBRARY = "libc++";
				CLANG_ENABLE_MODULES = YES;
				CLANG_ENABLE_OBJC_ARC = YES;
				CLANG_WARN_BLOCK_CAPTURE_AUTORELEASING = YES;
				CLANG_WARN_BOOL_CONVERSION = YES;
				CLANG_WARN_COMMA = YES;
				CLANG_WARN_CONSTANT_CONVERSION = YES;
				CLANG_WARN_DIRECT_OBJC_ISA_USAGE = YES_ERROR;
				CLANG_WARN_DOCUMENTATION_COMMENTS = YES;
				CLANG_WARN_EMPTY_BODY = YES;
				CLANG_WARN_ENUM_CONVERSION = YES;
				CLANG_WARN_INFINITE_RECURSION = YES;
				CLANG_WARN_INT_CONVERSION = YES;
				CLANG_WARN_NON_LITERAL_NULL_CONVERSION = YES;
				CLANG_WARN_OBJC_LITERAL_CONVERSION = YES;
				CLANG_WARN_OBJC_ROOT_CLASS = YES_ERROR;
				CLANG_WARN_RANGE_LOOP_ANALYSIS = YES;
				CLANG_WARN_STRICT_PROTOTYPES = YES;
				CLANG_WARN_SUSPICIOUS_MOVE = YES;
				CLANG_WARN_UNGUARDED_AVAILABILITY = YES_AGGRESSIVE;
				CLANG_WARN_UNREACHABLE_CODE = YES;
				CLANG_WARN__DUPLICATE_METHOD_MATCH = YES;
				CODE_SIGN_IDENTITY = "iPhone Developer";
				COPY_PHASE_STRIP = NO;
				DEBUG_INFORMATION_FORMAT = dwarf;
				ENABLE_STRICT_OBJC_MSGSEND = YES;
				ENABLE_TESTABILITY = YES;
				GCC_C_LANGUAGE_STANDARD = gnu11;
				GCC_DYNAMIC_NO_PIC = NO;
				GCC_NO_COMMON_BLOCKS = YES;
				GCC_OPTIMIZATION_LEVEL = 0;
				GCC_PREPROCESSOR_DEFINITIONS = (
					"DEBUG=1",
					"$(inherited)",
				);
				GCC_WARN_64_TO_32_BIT_CONVERSION = YES;
				GCC_WARN_ABOUT_RETURN_TYPE = YES_ERROR;
				GCC_WARN_UNDECLARED_SELECTOR = YES;
				GCC_WARN_UNINITIALIZED_AUTOS = YES_AGGRESSIVE;
				GCC_WARN_UNUSED_FUNCTION = YES;
				GCC_WARN_UNUSED_VARIABLE = YES;
				IPHONEOS_DEPLOYMENT_TARGET = 11.1;
				MTL_ENABLE_DEBUG_INFO = YES;
				ONLY_ACTIVE_ARCH = YES;
				SDKROOT = iphoneos;
			};
			name = Debug;
		};
		18F0A0FC1F8A4FBC00520154 /* Release */ = {
			isa = XCBuildConfiguration;
			buildSettings = {
				ALWAYS_SEARCH_USER_PATHS = NO;
				CLANG_ANALYZER_NONNULL = YES;
				CLANG_ANALYZER_NUMBER_OBJECT_CONVERSION = YES_AGGRESSIVE;
				CLANG_CXX_LANGUAGE_STANDARD = "gnu++14";
				CLANG_CXX_LIBRARY = "libc++";
				CLANG_ENABLE_MODULES = YES;
				CLANG_ENABLE_OBJC_ARC = YES;
				CLANG_WARN_BLOCK_CAPTURE_AUTORELEASING = YES;
				CLANG_WARN_BOOL_CONVERSION = YES;
				CLANG_WARN_COMMA = YES;
				CLANG_WARN_CONSTANT_CONVERSION = YES;
				CLANG_WARN_DIRECT_OBJC_ISA_USAGE = YES_ERROR;
				CLANG_WARN_DOCUMENTATION_COMMENTS = YES;
				CLANG_WARN_EMPTY_BODY = YES;
				CLANG_WARN_ENUM_CONVERSION = YES;
				CLANG_WARN_INFINITE_RECURSION = YES;
				CLANG_WARN_INT_CONVERSION = YES;
				CLANG_WARN_NON_LITERAL_NULL_CONVERSION = YES;
				CLANG_WARN_OBJC_LITERAL_CONVERSION = YES;
				CLANG_WARN_OBJC_ROOT_CLASS = YES_ERROR;
				CLANG_WARN_RANGE_LOOP_ANALYSIS = YES;
				CLANG_WARN_STRICT_PROTOTYPES = YES;
				CLANG_WARN_SUSPICIOUS_MOVE = YES;
				CLANG_WARN_UNGUARDED_AVAILABILITY = YES_AGGRESSIVE;
				CLANG_WARN_UNREACHABLE_CODE = YES;
				CLANG_WARN__DUPLICATE_METHOD_MATCH = YES;
				CODE_SIGN_IDENTITY = "iPhone Developer";
				COPY_PHASE_STRIP = NO;
				DEBUG_INFORMATION_FORMAT = "dwarf-with-dsym";
				ENABLE_NS_ASSERTIONS = NO;
				ENABLE_STRICT_OBJC_MSGSEND = YES;
				GCC_C_LANGUAGE_STANDARD = gnu11;
				GCC_NO_COMMON_BLOCKS = YES;
				GCC_WARN_64_TO_32_BIT_CONVERSION = YES;
				GCC_WARN_ABOUT_RETURN_TYPE = YES_ERROR;
				GCC_WARN_UNDECLARED_SELECTOR = YES;
				GCC_WARN_UNINITIALIZED_AUTOS = YES_AGGRESSIVE;
				GCC_WARN_UNUSED_FUNCTION = YES;
				GCC_WARN_UNUSED_VARIABLE = YES;
				IPHONEOS_DEPLOYMENT_TARGET = 11.1;
				MTL_ENABLE_DEBUG_INFO = NO;
				SDKROOT = iphoneos;
				VALIDATE_PRODUCT = YES;
			};
			name = Release;
		};
		18F0A0FE1F8A4FBC00520154 /* Debug */ = {
			isa = XCBuildConfiguration;
			buildSettings = {
				ASSETCATALOG_COMPILER_APPICON_NAME = AppIcon;
				"CODE_SIGN_IDENTITY[sdk=iphoneos*]" = "iPhone Developer";
				CODE_SIGN_STYLE = Automatic;
				DEVELOPMENT_TEAM = NKW67GFDHM;
				INFOPLIST_FILE = WeChatExtensions/Info.plist;
				IPHONEOS_DEPLOYMENT_TARGET = 9.0;
				LD_RUNPATH_SEARCH_PATHS = "$(inherited) @executable_path/Frameworks";
				LIBRARY_SEARCH_PATHS = (
					"$(inherited)",
					"$(PROJECT_DIR)/ioswechat/Others",
					"$(PROJECT_DIR)/ioswechat/packages",
					"$(PROJECT_DIR)/ioswechat/dylib",
				);
				PRODUCT_BUNDLE_IDENTIFIER = com.ossey.WeChatExtensions;
				PRODUCT_NAME = "$(TARGET_NAME)";
				PROVISIONING_PROFILE_SPECIFIER = "";
				TARGETED_DEVICE_FAMILY = "1,2";
			};
			name = Debug;
		};
		18F0A0FF1F8A4FBC00520154 /* Release */ = {
			isa = XCBuildConfiguration;
			buildSettings = {
				ASSETCATALOG_COMPILER_APPICON_NAME = AppIcon;
				"CODE_SIGN_IDENTITY[sdk=iphoneos*]" = "iPhone Developer";
				CODE_SIGN_STYLE = Automatic;
				DEVELOPMENT_TEAM = NKW67GFDHM;
				INFOPLIST_FILE = WeChatExtensions/Info.plist;
				IPHONEOS_DEPLOYMENT_TARGET = 9.0;
				LD_RUNPATH_SEARCH_PATHS = "$(inherited) @executable_path/Frameworks";
				LIBRARY_SEARCH_PATHS = (
					"$(inherited)",
					"$(PROJECT_DIR)/ioswechat/Others",
					"$(PROJECT_DIR)/ioswechat/packages",
					"$(PROJECT_DIR)/ioswechat/dylib",
				);
				PRODUCT_BUNDLE_IDENTIFIER = com.ossey.WeChatExtensions;
				PRODUCT_NAME = "$(TARGET_NAME)";
				PROVISIONING_PROFILE_SPECIFIER = "";
				TARGETED_DEVICE_FAMILY = "1,2";
			};
			name = Release;
		};
/* End XCBuildConfiguration section */

/* Begin XCConfigurationList section */
		18F0A0E21F8A4FBC00520154 /* Build configuration list for PBXProject "WeChatExtensions" */ = {
			isa = XCConfigurationList;
			buildConfigurations = (
				18F0A0FB1F8A4FBC00520154 /* Debug */,
				18F0A0FC1F8A4FBC00520154 /* Release */,
			);
			defaultConfigurationIsVisible = 0;
			defaultConfigurationName = Release;
		};
		18F0A0FD1F8A4FBC00520154 /* Build configuration list for PBXNativeTarget "WeChatExtensions" */ = {
			isa = XCConfigurationList;
			buildConfigurations = (
				18F0A0FE1F8A4FBC00520154 /* Debug */,
				18F0A0FF1F8A4FBC00520154 /* Release */,
			);
			defaultConfigurationIsVisible = 0;
			defaultConfigurationName = Release;
		};
/* End XCConfigurationList section */
	};
	rootObject = 18F0A0DF1F8A4FBC00520154 /* Project object */;
}
