// !$*UTF8*$!
{
	archiveVersion = 1;
	classes = {
	};
	objectVersion = 48;
	objects = {

/* Begin PBXBuildFile section */
		1813E8AD1F9BBD10002C661E /* DirectoryWatcher.m in Sources */ = {isa = PBXBuildFile; fileRef = 1813E8731F9BBD10002C661E /* DirectoryWatcher.m */; };
		1813E8AE1F9BBD10002C661E /* ExceptionUtils.m in Sources */ = {isa = PBXBuildFile; fileRef = 1813E8751F9BBD10002C661E /* ExceptionUtils.m */; };
		1813E8AF1F9BBD10002C661E /* FoldersViewController.m in Sources */ = {isa = PBXBuildFile; fileRef = 1813E8771F9BBD10002C661E /* FoldersViewController.m */; };
		1813E8B01F9BBD10002C661E /* HealthKitManager.m in Sources */ = {isa = PBXBuildFile; fileRef = 1813E8791F9BBD10002C661E /* HealthKitManager.m */; };
		1813E8B11F9BBD10002C661E /* icon_60@2x.png in Resources */ = {isa = PBXBuildFile; fileRef = 1813E87A1F9BBD10002C661E /* icon_60@2x.png */; };
		1813E8B21F9BBD10002C661E /* icon_60@3x.png in Resources */ = {isa = PBXBuildFile; fileRef = 1813E87B1F9BBD10002C661E /* icon_60@3x.png */; };
		1813E8B31F9BBD10002C661E /* icon_76.png in Resources */ = {isa = PBXBuildFile; fileRef = 1813E87C1F9BBD10002C661E /* icon_76.png */; };
		1813E8B41F9BBD10002C661E /* icon_76@2x.png in Resources */ = {isa = PBXBuildFile; fileRef = 1813E87D1F9BBD10002C661E /* icon_76@2x.png */; };
		1813E8B51F9BBD10002C661E /* iPhone 4.png in Resources */ = {isa = PBXBuildFile; fileRef = 1813E87E1F9BBD10002C661E /* iPhone 4.png */; };
		1813E8B61F9BBD10002C661E /* iPhone 5.png in Resources */ = {isa = PBXBuildFile; fileRef = 1813E87F1F9BBD10002C661E /* iPhone 5.png */; };
		1813E8B71F9BBD10002C661E /* iPhone 6 Plus.png in Resources */ = {isa = PBXBuildFile; fileRef = 1813E8801F9BBD10002C661E /* iPhone 6 Plus.png */; };
		1813E8B81F9BBD10002C661E /* iPhone 6.png in Resources */ = {isa = PBXBuildFile; fileRef = 1813E8811F9BBD10002C661E /* iPhone 6.png */; };
		1813E8B91F9BBD10002C661E /* LocationConverter.m in Sources */ = {isa = PBXBuildFile; fileRef = 1813E8831F9BBD10002C661E /* LocationConverter.m */; };
		1813E8BA1F9BBD10002C661E /* MBProgressHUD.m in Sources */ = {isa = PBXBuildFile; fileRef = 1813E8851F9BBD10002C661E /* MBProgressHUD.m */; };
		1813E8BB1F9BBD10002C661E /* my_Logo@2x.png in Resources */ = {isa = PBXBuildFile; fileRef = 1813E8861F9BBD10002C661E /* my_Logo@2x.png */; };
		1813E8BC1F9BBD10002C661E /* my_Logo@3x.png in Resources */ = {isa = PBXBuildFile; fileRef = 1813E8871F9BBD10002C661E /* my_Logo@3x.png */; };
		1813E8BD1F9BBD10002C661E /* my_Touch_ID@2x.png in Resources */ = {isa = PBXBuildFile; fileRef = 1813E8881F9BBD10002C661E /* my_Touch_ID@2x.png */; };
		1813E8BE1F9BBD10002C661E /* my_Touch_ID@3x.png in Resources */ = {isa = PBXBuildFile; fileRef = 1813E8891F9BBD10002C661E /* my_Touch_ID@3x.png */; };
		1813E8C01F9BBD10002C661E /* NSObject+IvarList.m in Sources */ = {isa = PBXBuildFile; fileRef = 1813E88C1F9BBD10002C661E /* NSObject+IvarList.m */; };
		1813E8C11F9BBD10002C661E /* NSString+FileExtend.m in Sources */ = {isa = PBXBuildFile; fileRef = 1813E88E1F9BBD10002C661E /* NSString+FileExtend.m */; };
		1813E8C21F9BBD10002C661E /* OSAuthenticatorHelper.m in Sources */ = {isa = PBXBuildFile; fileRef = 1813E8901F9BBD10002C661E /* OSAuthenticatorHelper.m */; };
		1813E8C31F9BBD10002C661E /* OSFileManager.m in Sources */ = {isa = PBXBuildFile; fileRef = 1813E8921F9BBD10002C661E /* OSFileManager.m */; };
		1813E8C41F9BBD10002C661E /* smile_Touch_ID@2x.png in Resources */ = {isa = PBXBuildFile; fileRef = 1813E8931F9BBD10002C661E /* smile_Touch_ID@2x.png */; };
		1813E8C51F9BBD10002C661E /* smile_Touch_ID@3x.png in Resources */ = {isa = PBXBuildFile; fileRef = 1813E8941F9BBD10002C661E /* smile_Touch_ID@3x.png */; };
		1813E8C61F9BBD10002C661E /* SmileAuthenticator.m in Sources */ = {isa = PBXBuildFile; fileRef = 1813E8961F9BBD10002C661E /* SmileAuthenticator.m */; };
		1813E8C71F9BBD10002C661E /* SmileKeychainWrapper.m in Sources */ = {isa = PBXBuildFile; fileRef = 1813E8981F9BBD10002C661E /* SmileKeychainWrapper.m */; };
		1813E8C81F9BBD10002C661E /* SmilePasswordContainerView.m in Sources */ = {isa = PBXBuildFile; fileRef = 1813E89A1F9BBD10002C661E /* SmilePasswordContainerView.m */; };
		1813E8C91F9BBD10002C661E /* SmilePasswordView.m in Sources */ = {isa = PBXBuildFile; fileRef = 1813E89C1F9BBD10002C661E /* SmilePasswordView.m */; };
		1813E8CA1F9BBD10002C661E /* SmileSettingVC.m in Sources */ = {isa = PBXBuildFile; fileRef = 1813E89E1F9BBD10002C661E /* SmileSettingVC.m */; };
		1813E8CC1F9BBD10002C661E /* Tweak.xm in Resources */ = {isa = PBXBuildFile; fileRef = 1813E8A01F9BBD10002C661E /* Tweak.xm */; };
		1813E8CD1F9BBD10002C661E /* XYExtensionConfig.m in Sources */ = {isa = PBXBuildFile; fileRef = 1813E8A31F9BBD10002C661E /* XYExtensionConfig.m */; };
		1813E8CE1F9BBD10002C661E /* XYExtensionsViewController.m in Sources */ = {isa = PBXBuildFile; fileRef = 1813E8A51F9BBD10002C661E /* XYExtensionsViewController.m */; };
		1813E8CF1F9BBD10002C661E /* XYLocationManager.m in Sources */ = {isa = PBXBuildFile; fileRef = 1813E8A71F9BBD10002C661E /* XYLocationManager.m */; };
		1813E8D01F9BBD10002C661E /* XYMapViewController.m in Sources */ = {isa = PBXBuildFile; fileRef = 1813E8A91F9BBD10002C661E /* XYMapViewController.m */; };
		1813E8D11F9BBD10002C661E /* XYSuspensionMenu.m in Sources */ = {isa = PBXBuildFile; fileRef = 1813E8AB1F9BBD10002C661E /* XYSuspensionMenu.m */; };
		1813E8DD1F9C5196002C661E /* OSUnlockBackgroundView.m in Sources */ = {isa = PBXBuildFile; fileRef = 1813E8DC1F9C5196002C661E /* OSUnlockBackgroundView.m */; };
		182434DF1F927A9E003E33C8 /* 屏幕快照 2017-10-15 上午12.17.25.png in Resources */ = {isa = PBXBuildFile; fileRef = 182434DE1F927A9E003E33C8 /* 屏幕快照 2017-10-15 上午12.17.25.png */; };
		18B058EE1F924C39004EF394 /* AppDelegate.m in Sources */ = {isa = PBXBuildFile; fileRef = 18B058ED1F924C39004EF394 /* AppDelegate.m */; };
		18B058F11F924C39004EF394 /* ViewController.m in Sources */ = {isa = PBXBuildFile; fileRef = 18B058F01F924C39004EF394 /* ViewController.m */; };
		18B058F41F924C39004EF394 /* Main.storyboard in Resources */ = {isa = PBXBuildFile; fileRef = 18B058F21F924C39004EF394 /* Main.storyboard */; };
		18B058F61F924C39004EF394 /* Assets.xcassets in Resources */ = {isa = PBXBuildFile; fileRef = 18B058F51F924C39004EF394 /* Assets.xcassets */; };
		18B058F91F924C39004EF394 /* LaunchScreen.storyboard in Resources */ = {isa = PBXBuildFile; fileRef = 18B058F71F924C39004EF394 /* LaunchScreen.storyboard */; };
		18B058FC1F924C39004EF394 /* main.m in Sources */ = {isa = PBXBuildFile; fileRef = 18B058FB1F924C39004EF394 /* main.m */; };
		18B059021F925E24004EF394 /* 屏幕快照 2017-10-14 下午10.20.53.png in Resources */ = {isa = PBXBuildFile; fileRef = 18B059011F925E24004EF394 /* 屏幕快照 2017-10-14 下午10.20.53.png */; };
		18F0A0EC1F8A4FBC00520154 /* AppDelegate.m in Sources */ = {isa = PBXBuildFile; fileRef = 18F0A0EB1F8A4FBC00520154 /* AppDelegate.m */; };
		18F0A0EF1F8A4FBC00520154 /* ViewController.m in Sources */ = {isa = PBXBuildFile; fileRef = 18F0A0EE1F8A4FBC00520154 /* ViewController.m */; };
		18F0A0F21F8A4FBC00520154 /* Main.storyboard in Resources */ = {isa = PBXBuildFile; fileRef = 18F0A0F01F8A4FBC00520154 /* Main.storyboard */; };
		18F0A0F41F8A4FBC00520154 /* Assets.xcassets in Resources */ = {isa = PBXBuildFile; fileRef = 18F0A0F31F8A4FBC00520154 /* Assets.xcassets */; };
		18F0A0F71F8A4FBC00520154 /* LaunchScreen.storyboard in Resources */ = {isa = PBXBuildFile; fileRef = 18F0A0F51F8A4FBC00520154 /* LaunchScreen.storyboard */; };
		18F0A0FA1F8A4FBC00520154 /* main.m in Sources */ = {isa = PBXBuildFile; fileRef = 18F0A0F91F8A4FBC00520154 /* main.m */; };
		18F0A1181F8A506E00520154 /* Code in Resources */ = {isa = PBXBuildFile; fileRef = 18F0A1011F8A506E00520154 /* Code */; };
		18F0A1191F8A506E00520154 /* control in Resources */ = {isa = PBXBuildFile; fileRef = 18F0A1021F8A506E00520154 /* control */; };
		18F0A11A1F8A506E00520154 /* ioswechat.plist in Resources */ = {isa = PBXBuildFile; fileRef = 18F0A1031F8A506E00520154 /* ioswechat.plist */; };
		18F0A11B1F8A506E00520154 /* Makefile in Sources */ = {isa = PBXBuildFile; fileRef = 18F0A1041F8A506E00520154 /* Makefile */; };
		18F0A11F1F8A506E00520154 /* com.ossey.ioswechat_0.0.1-1+debug_iphoneos-arm.deb in Frameworks */ = {isa = PBXBuildFile; fileRef = 18F0A10A1F8A506E00520154 /* com.ossey.ioswechat_0.0.1-1+debug_iphoneos-arm.deb */; };
		18F0A1201F8A506E00520154 /* com.ossey.ioswechat_0.0.1-2+debug_iphoneos-arm.deb in Frameworks */ = {isa = PBXBuildFile; fileRef = 18F0A10B1F8A506E00520154 /* com.ossey.ioswechat_0.0.1-2+debug_iphoneos-arm.deb */; };
		18F0A1211F8A506E00520154 /* com.ossey.ioswechat_0.0.1-3+debug_iphoneos-arm.deb in Frameworks */ = {isa = PBXBuildFile; fileRef = 18F0A10C1F8A506E00520154 /* com.ossey.ioswechat_0.0.1-3+debug_iphoneos-arm.deb */; };
		18F0A1261F8A507C00520154 /* README.md in Resources */ = {isa = PBXBuildFile; fileRef = 18F0A1251F8A507C00520154 /* README.md */; };
		D0CDE0421F90A1C60056CA79 /* Icon.png in Resources */ = {isa = PBXBuildFile; fileRef = D0CDE0411F90A1C60056CA79 /* Icon.png */; };
/* End PBXBuildFile section */

/* Begin PBXFileReference section */
		1813E8711F9BBD10002C661E /* CaptainHook.h */ = {isa = PBXFileReference; fileEncoding = 4; lastKnownFileType = sourcecode.c.h; path = CaptainHook.h; sourceTree = "<group>"; };
		1813E8721F9BBD10002C661E /* DirectoryWatcher.h */ = {isa = PBXFileReference; fileEncoding = 4; lastKnownFileType = sourcecode.c.h; path = DirectoryWatcher.h; sourceTree = "<group>"; };
		1813E8731F9BBD10002C661E /* DirectoryWatcher.m */ = {isa = PBXFileReference; fileEncoding = 4; lastKnownFileType = sourcecode.c.objc; path = DirectoryWatcher.m; sourceTree = "<group>"; };
		1813E8741F9BBD10002C661E /* ExceptionUtils.h */ = {isa = PBXFileReference; fileEncoding = 4; lastKnownFileType = sourcecode.c.h; path = ExceptionUtils.h; sourceTree = "<group>"; };
		1813E8751F9BBD10002C661E /* ExceptionUtils.m */ = {isa = PBXFileReference; fileEncoding = 4; lastKnownFileType = sourcecode.c.objc; path = ExceptionUtils.m; sourceTree = "<group>"; };
		1813E8761F9BBD10002C661E /* FoldersViewController.h */ = {isa = PBXFileReference; fileEncoding = 4; lastKnownFileType = sourcecode.c.h; path = FoldersViewController.h; sourceTree = "<group>"; };
		1813E8771F9BBD10002C661E /* FoldersViewController.m */ = {isa = PBXFileReference; fileEncoding = 4; lastKnownFileType = sourcecode.c.objc; path = FoldersViewController.m; sourceTree = "<group>"; };
		1813E8781F9BBD10002C661E /* HealthKitManager.h */ = {isa = PBXFileReference; fileEncoding = 4; lastKnownFileType = sourcecode.c.h; path = HealthKitManager.h; sourceTree = "<group>"; };
		1813E8791F9BBD10002C661E /* HealthKitManager.m */ = {isa = PBXFileReference; fileEncoding = 4; lastKnownFileType = sourcecode.c.objc; path = HealthKitManager.m; sourceTree = "<group>"; };
		1813E87A1F9BBD10002C661E /* icon_60@2x.png */ = {isa = PBXFileReference; lastKnownFileType = image.png; path = "icon_60@2x.png"; sourceTree = "<group>"; };
		1813E87B1F9BBD10002C661E /* icon_60@3x.png */ = {isa = PBXFileReference; lastKnownFileType = image.png; path = "icon_60@3x.png"; sourceTree = "<group>"; };
		1813E87C1F9BBD10002C661E /* icon_76.png */ = {isa = PBXFileReference; lastKnownFileType = image.png; path = icon_76.png; sourceTree = "<group>"; };
		1813E87D1F9BBD10002C661E /* icon_76@2x.png */ = {isa = PBXFileReference; lastKnownFileType = image.png; path = "icon_76@2x.png"; sourceTree = "<group>"; };
		1813E87E1F9BBD10002C661E /* iPhone 4.png */ = {isa = PBXFileReference; lastKnownFileType = image.png; path = "iPhone 4.png"; sourceTree = "<group>"; };
		1813E87F1F9BBD10002C661E /* iPhone 5.png */ = {isa = PBXFileReference; lastKnownFileType = image.png; path = "iPhone 5.png"; sourceTree = "<group>"; };
		1813E8801F9BBD10002C661E /* iPhone 6 Plus.png */ = {isa = PBXFileReference; lastKnownFileType = image.png; path = "iPhone 6 Plus.png"; sourceTree = "<group>"; };
		1813E8811F9BBD10002C661E /* iPhone 6.png */ = {isa = PBXFileReference; lastKnownFileType = image.png; path = "iPhone 6.png"; sourceTree = "<group>"; };
		1813E8821F9BBD10002C661E /* LocationConverter.h */ = {isa = PBXFileReference; fileEncoding = 4; lastKnownFileType = sourcecode.c.h; path = LocationConverter.h; sourceTree = "<group>"; };
		1813E8831F9BBD10002C661E /* LocationConverter.m */ = {isa = PBXFileReference; fileEncoding = 4; lastKnownFileType = sourcecode.c.objc; path = LocationConverter.m; sourceTree = "<group>"; };
		1813E8841F9BBD10002C661E /* MBProgressHUD.h */ = {isa = PBXFileReference; fileEncoding = 4; lastKnownFileType = sourcecode.c.h; path = MBProgressHUD.h; sourceTree = "<group>"; };
		1813E8851F9BBD10002C661E /* MBProgressHUD.m */ = {isa = PBXFileReference; fileEncoding = 4; lastKnownFileType = sourcecode.c.objc; path = MBProgressHUD.m; sourceTree = "<group>"; };
		1813E8861F9BBD10002C661E /* my_Logo@2x.png */ = {isa = PBXFileReference; lastKnownFileType = image.png; path = "my_Logo@2x.png"; sourceTree = "<group>"; };
		1813E8871F9BBD10002C661E /* my_Logo@3x.png */ = {isa = PBXFileReference; lastKnownFileType = image.png; path = "my_Logo@3x.png"; sourceTree = "<group>"; };
		1813E8881F9BBD10002C661E /* my_Touch_ID@2x.png */ = {isa = PBXFileReference; lastKnownFileType = image.png; path = "my_Touch_ID@2x.png"; sourceTree = "<group>"; };
		1813E8891F9BBD10002C661E /* my_Touch_ID@3x.png */ = {isa = PBXFileReference; lastKnownFileType = image.png; path = "my_Touch_ID@3x.png"; sourceTree = "<group>"; };
		1813E88B1F9BBD10002C661E /* NSObject+IvarList.h */ = {isa = PBXFileReference; fileEncoding = 4; lastKnownFileType = sourcecode.c.h; path = "NSObject+IvarList.h"; sourceTree = "<group>"; };
		1813E88C1F9BBD10002C661E /* NSObject+IvarList.m */ = {isa = PBXFileReference; fileEncoding = 4; lastKnownFileType = sourcecode.c.objc; path = "NSObject+IvarList.m"; sourceTree = "<group>"; };
		1813E88D1F9BBD10002C661E /* NSString+FileExtend.h */ = {isa = PBXFileReference; fileEncoding = 4; lastKnownFileType = sourcecode.c.h; path = "NSString+FileExtend.h"; sourceTree = "<group>"; };
		1813E88E1F9BBD10002C661E /* NSString+FileExtend.m */ = {isa = PBXFileReference; fileEncoding = 4; lastKnownFileType = sourcecode.c.objc; path = "NSString+FileExtend.m"; sourceTree = "<group>"; };
		1813E88F1F9BBD10002C661E /* OSAuthenticatorHelper.h */ = {isa = PBXFileReference; fileEncoding = 4; lastKnownFileType = sourcecode.c.h; path = OSAuthenticatorHelper.h; sourceTree = "<group>"; };
		1813E8901F9BBD10002C661E /* OSAuthenticatorHelper.m */ = {isa = PBXFileReference; fileEncoding = 4; lastKnownFileType = sourcecode.c.objc; path = OSAuthenticatorHelper.m; sourceTree = "<group>"; };
		1813E8911F9BBD10002C661E /* OSFileManager.h */ = {isa = PBXFileReference; fileEncoding = 4; lastKnownFileType = sourcecode.c.h; path = OSFileManager.h; sourceTree = "<group>"; };
		1813E8921F9BBD10002C661E /* OSFileManager.m */ = {isa = PBXFileReference; fileEncoding = 4; lastKnownFileType = sourcecode.c.objc; path = OSFileManager.m; sourceTree = "<group>"; };
		1813E8931F9BBD10002C661E /* smile_Touch_ID@2x.png */ = {isa = PBXFileReference; lastKnownFileType = image.png; path = "smile_Touch_ID@2x.png"; sourceTree = "<group>"; };
		1813E8941F9BBD10002C661E /* smile_Touch_ID@3x.png */ = {isa = PBXFileReference; lastKnownFileType = image.png; path = "smile_Touch_ID@3x.png"; sourceTree = "<group>"; };
		1813E8951F9BBD10002C661E /* SmileAuthenticator.h */ = {isa = PBXFileReference; fileEncoding = 4; lastKnownFileType = sourcecode.c.h; path = SmileAuthenticator.h; sourceTree = "<group>"; };
		1813E8961F9BBD10002C661E /* SmileAuthenticator.m */ = {isa = PBXFileReference; fileEncoding = 4; lastKnownFileType = sourcecode.c.objc; path = SmileAuthenticator.m; sourceTree = "<group>"; };
		1813E8971F9BBD10002C661E /* SmileKeychainWrapper.h */ = {isa = PBXFileReference; fileEncoding = 4; lastKnownFileType = sourcecode.c.h; path = SmileKeychainWrapper.h; sourceTree = "<group>"; };
		1813E8981F9BBD10002C661E /* SmileKeychainWrapper.m */ = {isa = PBXFileReference; fileEncoding = 4; lastKnownFileType = sourcecode.c.objc; path = SmileKeychainWrapper.m; sourceTree = "<group>"; };
		1813E8991F9BBD10002C661E /* SmilePasswordContainerView.h */ = {isa = PBXFileReference; fileEncoding = 4; lastKnownFileType = sourcecode.c.h; path = SmilePasswordContainerView.h; sourceTree = "<group>"; };
		1813E89A1F9BBD10002C661E /* SmilePasswordContainerView.m */ = {isa = PBXFileReference; fileEncoding = 4; lastKnownFileType = sourcecode.c.objc; path = SmilePasswordContainerView.m; sourceTree = "<group>"; };
		1813E89B1F9BBD10002C661E /* SmilePasswordView.h */ = {isa = PBXFileReference; fileEncoding = 4; lastKnownFileType = sourcecode.c.h; path = SmilePasswordView.h; sourceTree = "<group>"; };
		1813E89C1F9BBD10002C661E /* SmilePasswordView.m */ = {isa = PBXFileReference; fileEncoding = 4; lastKnownFileType = sourcecode.c.objc; path = SmilePasswordView.m; sourceTree = "<group>"; };
		1813E89D1F9BBD10002C661E /* SmileSettingVC.h */ = {isa = PBXFileReference; fileEncoding = 4; lastKnownFileType = sourcecode.c.h; path = SmileSettingVC.h; sourceTree = "<group>"; };
		1813E89E1F9BBD10002C661E /* SmileSettingVC.m */ = {isa = PBXFileReference; fileEncoding = 4; lastKnownFileType = sourcecode.c.objc; path = SmileSettingVC.m; sourceTree = "<group>"; };
		1813E8A01F9BBD10002C661E /* Tweak.xm */ = {isa = PBXFileReference; fileEncoding = 4; lastKnownFileType = text; path = Tweak.xm; sourceTree = "<group>"; };
		1813E8A11F9BBD10002C661E /* WeChatHeaders.h */ = {isa = PBXFileReference; fileEncoding = 4; lastKnownFileType = sourcecode.c.h; path = WeChatHeaders.h; sourceTree = "<group>"; };
		1813E8A21F9BBD10002C661E /* XYExtensionConfig.h */ = {isa = PBXFileReference; fileEncoding = 4; lastKnownFileType = sourcecode.c.h; path = XYExtensionConfig.h; sourceTree = "<group>"; };
		1813E8A31F9BBD10002C661E /* XYExtensionConfig.m */ = {isa = PBXFileReference; fileEncoding = 4; lastKnownFileType = sourcecode.c.objc; path = XYExtensionConfig.m; sourceTree = "<group>"; };
		1813E8A41F9BBD10002C661E /* XYExtensionsViewController.h */ = {isa = PBXFileReference; fileEncoding = 4; lastKnownFileType = sourcecode.c.h; path = XYExtensionsViewController.h; sourceTree = "<group>"; };
		1813E8A51F9BBD10002C661E /* XYExtensionsViewController.m */ = {isa = PBXFileReference; fileEncoding = 4; lastKnownFileType = sourcecode.c.objc; path = XYExtensionsViewController.m; sourceTree = "<group>"; };
		1813E8A61F9BBD10002C661E /* XYLocationManager.h */ = {isa = PBXFileReference; fileEncoding = 4; lastKnownFileType = sourcecode.c.h; path = XYLocationManager.h; sourceTree = "<group>"; };
		1813E8A71F9BBD10002C661E /* XYLocationManager.m */ = {isa = PBXFileReference; fileEncoding = 4; lastKnownFileType = sourcecode.c.objc; path = XYLocationManager.m; sourceTree = "<group>"; };
		1813E8A81F9BBD10002C661E /* XYMapViewController.h */ = {isa = PBXFileReference; fileEncoding = 4; lastKnownFileType = sourcecode.c.h; path = XYMapViewController.h; sourceTree = "<group>"; };
		1813E8A91F9BBD10002C661E /* XYMapViewController.m */ = {isa = PBXFileReference; fileEncoding = 4; lastKnownFileType = sourcecode.c.objc; path = XYMapViewController.m; sourceTree = "<group>"; };
		1813E8AA1F9BBD10002C661E /* XYSuspensionMenu.h */ = {isa = PBXFileReference; fileEncoding = 4; lastKnownFileType = sourcecode.c.h; path = XYSuspensionMenu.h; sourceTree = "<group>"; };
		1813E8AB1F9BBD10002C661E /* XYSuspensionMenu.m */ = {isa = PBXFileReference; fileEncoding = 4; lastKnownFileType = sourcecode.c.objc; path = XYSuspensionMenu.m; sourceTree = "<group>"; };
		1813E8DB1F9C5196002C661E /* OSUnlockBackgroundView.h */ = {isa = PBXFileReference; fileEncoding = 4; lastKnownFileType = sourcecode.c.h; path = OSUnlockBackgroundView.h; sourceTree = "<group>"; };
		1813E8DC1F9C5196002C661E /* OSUnlockBackgroundView.m */ = {isa = PBXFileReference; fileEncoding = 4; lastKnownFileType = sourcecode.c.objc; path = OSUnlockBackgroundView.m; sourceTree = "<group>"; };
		182434DE1F927A9E003E33C8 /* 屏幕快照 2017-10-15 上午12.17.25.png */ = {isa = PBXFileReference; lastKnownFileType = image.png; path = "屏幕快照 2017-10-15 上午12.17.25.png"; sourceTree = "<group>"; };
		18A5AC731F8BE92A0027E7B3 /* insert_dylib */ = {isa = PBXFileReference; lastKnownFileType = "compiled.mach-o.executable"; path = insert_dylib; sourceTree = "<group>"; };
		18A5AC741F8BE92A0027E7B3 /* ioswechat.dylib */ = {isa = PBXFileReference; lastKnownFileType = "compiled.mach-o.dylib"; path = ioswechat.dylib; sourceTree = "<group>"; };
		18A5AC751F8BE92A0027E7B3 /* libsubstrate.dylib */ = {isa = PBXFileReference; lastKnownFileType = "compiled.mach-o.dylib"; path = libsubstrate.dylib; sourceTree = "<group>"; };
		18B058EA1F924C39004EF394 /* WeChat.app */ = {isa = PBXFileReference; explicitFileType = wrapper.application; includeInIndex = 0; path = WeChat.app; sourceTree = BUILT_PRODUCTS_DIR; };
		18B058EC1F924C39004EF394 /* AppDelegate.h */ = {isa = PBXFileReference; lastKnownFileType = sourcecode.c.h; path = AppDelegate.h; sourceTree = "<group>"; };
		18B058ED1F924C39004EF394 /* AppDelegate.m */ = {isa = PBXFileReference; lastKnownFileType = sourcecode.c.objc; path = AppDelegate.m; sourceTree = "<group>"; };
		18B058EF1F924C39004EF394 /* ViewController.h */ = {isa = PBXFileReference; lastKnownFileType = sourcecode.c.h; path = ViewController.h; sourceTree = "<group>"; };
		18B058F01F924C39004EF394 /* ViewController.m */ = {isa = PBXFileReference; lastKnownFileType = sourcecode.c.objc; path = ViewController.m; sourceTree = "<group>"; };
		18B058F31F924C39004EF394 /* Base */ = {isa = PBXFileReference; lastKnownFileType = file.storyboard; name = Base; path = Base.lproj/Main.storyboard; sourceTree = "<group>"; };
		18B058F51F924C39004EF394 /* Assets.xcassets */ = {isa = PBXFileReference; lastKnownFileType = folder.assetcatalog; path = Assets.xcassets; sourceTree = "<group>"; };
		18B058F81F924C39004EF394 /* Base */ = {isa = PBXFileReference; lastKnownFileType = file.storyboard; name = Base; path = Base.lproj/LaunchScreen.storyboard; sourceTree = "<group>"; };
		18B058FA1F924C39004EF394 /* Info.plist */ = {isa = PBXFileReference; lastKnownFileType = text.plist.xml; path = Info.plist; sourceTree = "<group>"; };
		18B058FB1F924C39004EF394 /* main.m */ = {isa = PBXFileReference; lastKnownFileType = sourcecode.c.objc; path = main.m; sourceTree = "<group>"; };
		18B059011F925E24004EF394 /* 屏幕快照 2017-10-14 下午10.20.53.png */ = {isa = PBXFileReference; lastKnownFileType = image.png; path = "屏幕快照 2017-10-14 下午10.20.53.png"; sourceTree = "<group>"; };
		18F0A0E71F8A4FBC00520154 /* WeChatExtensions.app */ = {isa = PBXFileReference; explicitFileType = wrapper.application; includeInIndex = 0; path = WeChatExtensions.app; sourceTree = BUILT_PRODUCTS_DIR; };
		18F0A0EA1F8A4FBC00520154 /* AppDelegate.h */ = {isa = PBXFileReference; lastKnownFileType = sourcecode.c.h; path = AppDelegate.h; sourceTree = "<group>"; };
		18F0A0EB1F8A4FBC00520154 /* AppDelegate.m */ = {isa = PBXFileReference; lastKnownFileType = sourcecode.c.objc; path = AppDelegate.m; sourceTree = "<group>"; };
		18F0A0ED1F8A4FBC00520154 /* ViewController.h */ = {isa = PBXFileReference; lastKnownFileType = sourcecode.c.h; path = ViewController.h; sourceTree = "<group>"; };
		18F0A0EE1F8A4FBC00520154 /* ViewController.m */ = {isa = PBXFileReference; lastKnownFileType = sourcecode.c.objc; path = ViewController.m; sourceTree = "<group>"; };
		18F0A0F11F8A4FBC00520154 /* Base */ = {isa = PBXFileReference; lastKnownFileType = file.storyboard; name = Base; path = Base.lproj/Main.storyboard; sourceTree = "<group>"; };
		18F0A0F31F8A4FBC00520154 /* Assets.xcassets */ = {isa = PBXFileReference; lastKnownFileType = folder.assetcatalog; path = Assets.xcassets; sourceTree = "<group>"; };
		18F0A0F61F8A4FBC00520154 /* Base */ = {isa = PBXFileReference; lastKnownFileType = file.storyboard; name = Base; path = Base.lproj/LaunchScreen.storyboard; sourceTree = "<group>"; };
		18F0A0F81F8A4FBC00520154 /* Info.plist */ = {isa = PBXFileReference; lastKnownFileType = text.plist.xml; path = Info.plist; sourceTree = "<group>"; };
		18F0A0F91F8A4FBC00520154 /* main.m */ = {isa = PBXFileReference; lastKnownFileType = sourcecode.c.objc; path = main.m; sourceTree = "<group>"; };
		18F0A1011F8A506E00520154 /* Code */ = {isa = PBXFileReference; fileEncoding = 4; lastKnownFileType = text; path = Code; sourceTree = "<group>"; };
		18F0A1021F8A506E00520154 /* control */ = {isa = PBXFileReference; fileEncoding = 4; lastKnownFileType = text; path = control; sourceTree = "<group>"; };
		18F0A1031F8A506E00520154 /* ioswechat.plist */ = {isa = PBXFileReference; lastKnownFileType = text.plist; path = ioswechat.plist; sourceTree = "<group>"; };
		18F0A1041F8A506E00520154 /* Makefile */ = {isa = PBXFileReference; fileEncoding = 4; lastKnownFileType = sourcecode.make; path = Makefile; sourceTree = "<group>"; };
		18F0A10A1F8A506E00520154 /* com.ossey.ioswechat_0.0.1-1+debug_iphoneos-arm.deb */ = {isa = PBXFileReference; lastKnownFileType = archive.ar; path = "com.ossey.ioswechat_0.0.1-1+debug_iphoneos-arm.deb"; sourceTree = "<group>"; };
		18F0A10B1F8A506E00520154 /* com.ossey.ioswechat_0.0.1-2+debug_iphoneos-arm.deb */ = {isa = PBXFileReference; lastKnownFileType = archive.ar; path = "com.ossey.ioswechat_0.0.1-2+debug_iphoneos-arm.deb"; sourceTree = "<group>"; };
		18F0A10C1F8A506E00520154 /* com.ossey.ioswechat_0.0.1-3+debug_iphoneos-arm.deb */ = {isa = PBXFileReference; lastKnownFileType = archive.ar; path = "com.ossey.ioswechat_0.0.1-3+debug_iphoneos-arm.deb"; sourceTree = "<group>"; };
		18F0A1251F8A507C00520154 /* README.md */ = {isa = PBXFileReference; fileEncoding = 4; lastKnownFileType = net.daringfireball.markdown; path = README.md; sourceTree = SOURCE_ROOT; };
		D0CDE0411F90A1C60056CA79 /* Icon.png */ = {isa = PBXFileReference; lastKnownFileType = image.png; path = Icon.png; sourceTree = "<group>"; };
/* End PBXFileReference section */

/* Begin PBXFrameworksBuildPhase section */
		18B058E71F924C39004EF394 /* Frameworks */ = {
			isa = PBXFrameworksBuildPhase;
			buildActionMask = 2147483647;
			files = (
			);
			runOnlyForDeploymentPostprocessing = 0;
		};
		18F0A0E41F8A4FBC00520154 /* Frameworks */ = {
			isa = PBXFrameworksBuildPhase;
			buildActionMask = 2147483647;
			files = (
				18F0A1211F8A506E00520154 /* com.ossey.ioswechat_0.0.1-3+debug_iphoneos-arm.deb in Frameworks */,
				18F0A11F1F8A506E00520154 /* com.ossey.ioswechat_0.0.1-1+debug_iphoneos-arm.deb in Frameworks */,
				18F0A1201F8A506E00520154 /* com.ossey.ioswechat_0.0.1-2+debug_iphoneos-arm.deb in Frameworks */,
			);
			runOnlyForDeploymentPostprocessing = 0;
		};
/* End PBXFrameworksBuildPhase section */

/* Begin PBXGroup section */
		1813E86F1F9BBD10002C661E /* src */ = {
			isa = PBXGroup;
			children = (
				1813E8711F9BBD10002C661E /* CaptainHook.h */,
				1813E8721F9BBD10002C661E /* DirectoryWatcher.h */,
				1813E8731F9BBD10002C661E /* DirectoryWatcher.m */,
				1813E8741F9BBD10002C661E /* ExceptionUtils.h */,
				1813E8751F9BBD10002C661E /* ExceptionUtils.m */,
				1813E8761F9BBD10002C661E /* FoldersViewController.h */,
				1813E8771F9BBD10002C661E /* FoldersViewController.m */,
				1813E8781F9BBD10002C661E /* HealthKitManager.h */,
				1813E8791F9BBD10002C661E /* HealthKitManager.m */,
				1813E87A1F9BBD10002C661E /* icon_60@2x.png */,
				1813E87B1F9BBD10002C661E /* icon_60@3x.png */,
				1813E87C1F9BBD10002C661E /* icon_76.png */,
				1813E87D1F9BBD10002C661E /* icon_76@2x.png */,
				1813E87E1F9BBD10002C661E /* iPhone 4.png */,
				1813E87F1F9BBD10002C661E /* iPhone 5.png */,
				1813E8801F9BBD10002C661E /* iPhone 6 Plus.png */,
				1813E8811F9BBD10002C661E /* iPhone 6.png */,
				1813E8821F9BBD10002C661E /* LocationConverter.h */,
				1813E8831F9BBD10002C661E /* LocationConverter.m */,
				1813E8841F9BBD10002C661E /* MBProgressHUD.h */,
				1813E8851F9BBD10002C661E /* MBProgressHUD.m */,
				1813E8861F9BBD10002C661E /* my_Logo@2x.png */,
				1813E8871F9BBD10002C661E /* my_Logo@3x.png */,
				1813E8881F9BBD10002C661E /* my_Touch_ID@2x.png */,
				1813E8891F9BBD10002C661E /* my_Touch_ID@3x.png */,
				1813E88B1F9BBD10002C661E /* NSObject+IvarList.h */,
				1813E88C1F9BBD10002C661E /* NSObject+IvarList.m */,
				1813E88D1F9BBD10002C661E /* NSString+FileExtend.h */,
				1813E88E1F9BBD10002C661E /* NSString+FileExtend.m */,
				1813E88F1F9BBD10002C661E /* OSAuthenticatorHelper.h */,
				1813E8901F9BBD10002C661E /* OSAuthenticatorHelper.m */,
				1813E8911F9BBD10002C661E /* OSFileManager.h */,
				1813E8921F9BBD10002C661E /* OSFileManager.m */,
				1813E8931F9BBD10002C661E /* smile_Touch_ID@2x.png */,
				1813E8941F9BBD10002C661E /* smile_Touch_ID@3x.png */,
				1813E8951F9BBD10002C661E /* SmileAuthenticator.h */,
				1813E8961F9BBD10002C661E /* SmileAuthenticator.m */,
				1813E8971F9BBD10002C661E /* SmileKeychainWrapper.h */,
				1813E8981F9BBD10002C661E /* SmileKeychainWrapper.m */,
				1813E8991F9BBD10002C661E /* SmilePasswordContainerView.h */,
				1813E89A1F9BBD10002C661E /* SmilePasswordContainerView.m */,
				1813E89B1F9BBD10002C661E /* SmilePasswordView.h */,
				1813E89C1F9BBD10002C661E /* SmilePasswordView.m */,
				1813E89D1F9BBD10002C661E /* SmileSettingVC.h */,
				1813E89E1F9BBD10002C661E /* SmileSettingVC.m */,
				1813E8DB1F9C5196002C661E /* OSUnlockBackgroundView.h */,
				1813E8DC1F9C5196002C661E /* OSUnlockBackgroundView.m */,
				1813E8A01F9BBD10002C661E /* Tweak.xm */,
				1813E8A11F9BBD10002C661E /* WeChatHeaders.h */,
				1813E8A21F9BBD10002C661E /* XYExtensionConfig.h */,
				1813E8A31F9BBD10002C661E /* XYExtensionConfig.m */,
				1813E8A41F9BBD10002C661E /* XYExtensionsViewController.h */,
				1813E8A51F9BBD10002C661E /* XYExtensionsViewController.m */,
				1813E8A61F9BBD10002C661E /* XYLocationManager.h */,
				1813E8A71F9BBD10002C661E /* XYLocationManager.m */,
				1813E8A81F9BBD10002C661E /* XYMapViewController.h */,
				1813E8A91F9BBD10002C661E /* XYMapViewController.m */,
				1813E8AA1F9BBD10002C661E /* XYSuspensionMenu.h */,
				1813E8AB1F9BBD10002C661E /* XYSuspensionMenu.m */,
			);
			path = src;
			sourceTree = "<group>";
		};
		18A5AC721F8BE92A0027E7B3 /* dylib */ = {
			isa = PBXGroup;
			children = (
				18A5AC731F8BE92A0027E7B3 /* insert_dylib */,
				18A5AC741F8BE92A0027E7B3 /* ioswechat.dylib */,
				18A5AC751F8BE92A0027E7B3 /* libsubstrate.dylib */,
			);
			path = dylib;
			sourceTree = "<group>";
		};
		18B058EB1F924C39004EF394 /* WeChat */ = {
			isa = PBXGroup;
			children = (
				182434DE1F927A9E003E33C8 /* 屏幕快照 2017-10-15 上午12.17.25.png */,
				18B059011F925E24004EF394 /* 屏幕快照 2017-10-14 下午10.20.53.png */,
				18B058EC1F924C39004EF394 /* AppDelegate.h */,
				18B058ED1F924C39004EF394 /* AppDelegate.m */,
				18B058EF1F924C39004EF394 /* ViewController.h */,
				18B058F01F924C39004EF394 /* ViewController.m */,
				18B058F21F924C39004EF394 /* Main.storyboard */,
				18B058F51F924C39004EF394 /* Assets.xcassets */,
				18B058F71F924C39004EF394 /* LaunchScreen.storyboard */,
				18B058FA1F924C39004EF394 /* Info.plist */,
				18B058FB1F924C39004EF394 /* main.m */,
			);
			path = WeChat;
			sourceTree = "<group>";
		};
		18F0A0DE1F8A4FBC00520154 = {
			isa = PBXGroup;
			children = (
				18F0A0E91F8A4FBC00520154 /* WeChatExtensions */,
				18B058EB1F924C39004EF394 /* WeChat */,
				18F0A0E81F8A4FBC00520154 /* Products */,
			);
			sourceTree = "<group>";
		};
		18F0A0E81F8A4FBC00520154 /* Products */ = {
			isa = PBXGroup;
			children = (
				18F0A0E71F8A4FBC00520154 /* WeChatExtensions.app */,
				18B058EA1F924C39004EF394 /* WeChat.app */,
			);
			name = Products;
			sourceTree = "<group>";
		};
		18F0A0E91F8A4FBC00520154 /* WeChatExtensions */ = {
			isa = PBXGroup;
			children = (
				18F0A1251F8A507C00520154 /* README.md */,
				18F0A1001F8A506E00520154 /* ioswechat */,
				18F0A0EA1F8A4FBC00520154 /* AppDelegate.h */,
				18F0A0EB1F8A4FBC00520154 /* AppDelegate.m */,
				18F0A0ED1F8A4FBC00520154 /* ViewController.h */,
				18F0A0EE1F8A4FBC00520154 /* ViewController.m */,
				18F0A0F01F8A4FBC00520154 /* Main.storyboard */,
				18F0A0F31F8A4FBC00520154 /* Assets.xcassets */,
				D0CDE0411F90A1C60056CA79 /* Icon.png */,
				18F0A0F51F8A4FBC00520154 /* LaunchScreen.storyboard */,
				18F0A0F81F8A4FBC00520154 /* Info.plist */,
				18F0A0F91F8A4FBC00520154 /* main.m */,
			);
			path = WeChatExtensions;
			sourceTree = "<group>";
		};
		18F0A1001F8A506E00520154 /* ioswechat */ = {
			isa = PBXGroup;
			children = (
				18F0A1011F8A506E00520154 /* Code */,
				18F0A1021F8A506E00520154 /* control */,
				18F0A1031F8A506E00520154 /* ioswechat.plist */,
				18F0A1041F8A506E00520154 /* Makefile */,
				1813E86F1F9BBD10002C661E /* src */,
				18A5AC721F8BE92A0027E7B3 /* dylib */,
				18F0A1091F8A506E00520154 /* packages */,
				18F0A10D1F8A506E00520154 /* Repository */,
			);
			path = ioswechat;
			sourceTree = SOURCE_ROOT;
		};
		18F0A1091F8A506E00520154 /* packages */ = {
			isa = PBXGroup;
			children = (
				18F0A10A1F8A506E00520154 /* com.ossey.ioswechat_0.0.1-1+debug_iphoneos-arm.deb */,
				18F0A10B1F8A506E00520154 /* com.ossey.ioswechat_0.0.1-2+debug_iphoneos-arm.deb */,
				18F0A10C1F8A506E00520154 /* com.ossey.ioswechat_0.0.1-3+debug_iphoneos-arm.deb */,
			);
			path = packages;
			sourceTree = "<group>";
		};
		18F0A10D1F8A506E00520154 /* Repository */ = {
			isa = PBXGroup;
			children = (
				18F0A10E1F8A506E00520154 /* WeChatPlugin */,
			);
			path = Repository;
			sourceTree = "<group>";
		};
		18F0A10E1F8A506E00520154 /* WeChatPlugin */ = {
			isa = PBXGroup;
			children = (
				18F0A10F1F8A506E00520154 /* ioswechat */,
			);
			path = WeChatPlugin;
			sourceTree = "<group>";
		};
		18F0A10F1F8A506E00520154 /* ioswechat */ = {
			isa = PBXGroup;
			children = (
				18F0A1101F8A506E00520154 /* .theos */,
			);
			path = ioswechat;
			sourceTree = "<group>";
		};
		18F0A1101F8A506E00520154 /* .theos */ = {
			isa = PBXGroup;
			children = (
			);
			path = .theos;
			sourceTree = "<group>";
		};
/* End PBXGroup section */

/* Begin PBXNativeTarget section */
		18B058E91F924C39004EF394 /* WeChat */ = {
			isa = PBXNativeTarget;
			buildConfigurationList = 18B058FF1F924C39004EF394 /* Build configuration list for PBXNativeTarget "WeChat" */;
			buildPhases = (
				18B058E61F924C39004EF394 /* Sources */,
				18B058E71F924C39004EF394 /* Frameworks */,
				18B058E81F924C39004EF394 /* Resources */,
				18B059001F924C66004EF394 /* ShellScript */,
			);
			buildRules = (
			);
			dependencies = (
			);
			name = WeChat;
			productName = WeChat;
			productReference = 18B058EA1F924C39004EF394 /* WeChat.app */;
			productType = "com.apple.product-type.application";
		};
		18F0A0E61F8A4FBC00520154 /* WeChatExtensions */ = {
			isa = PBXNativeTarget;
			buildConfigurationList = 18F0A0FD1F8A4FBC00520154 /* Build configuration list for PBXNativeTarget "WeChatExtensions" */;
			buildPhases = (
				18F0A0E31F8A4FBC00520154 /* Sources */,
				18F0A0E41F8A4FBC00520154 /* Frameworks */,
				18F0A0E51F8A4FBC00520154 /* Resources */,
			);
			buildRules = (
			);
			dependencies = (
			);
			name = WeChatExtensions;
			productName = WeChatExtensions;
			productReference = 18F0A0E71F8A4FBC00520154 /* WeChatExtensions.app */;
			productType = "com.apple.product-type.application";
		};
/* End PBXNativeTarget section */

/* Begin PBXProject section */
		18F0A0DF1F8A4FBC00520154 /* Project object */ = {
			isa = PBXProject;
			attributes = {
				LastUpgradeCheck = 0910;
				ORGANIZATIONNAME = Ossey;
				TargetAttributes = {
					18B058E91F924C39004EF394 = {
						CreatedOnToolsVersion = 9.1;
						ProvisioningStyle = Automatic;
					};
					18F0A0E61F8A4FBC00520154 = {
						CreatedOnToolsVersion = 9.1;
						ProvisioningStyle = Automatic;
					};
				};
			};
			buildConfigurationList = 18F0A0E21F8A4FBC00520154 /* Build configuration list for PBXProject "WeChatExtensions" */;
			compatibilityVersion = "Xcode 8.0";
			developmentRegion = en;
			hasScannedForEncodings = 0;
			knownRegions = (
				en,
				Base,
			);
			mainGroup = 18F0A0DE1F8A4FBC00520154;
			productRefGroup = 18F0A0E81F8A4FBC00520154 /* Products */;
			projectDirPath = "";
			projectRoot = "";
			targets = (
				18F0A0E61F8A4FBC00520154 /* WeChatExtensions */,
				18B058E91F924C39004EF394 /* WeChat */,
			);
		};
/* End PBXProject section */

/* Begin PBXResourcesBuildPhase section */
		18B058E81F924C39004EF394 /* Resources */ = {
			isa = PBXResourcesBuildPhase;
			buildActionMask = 2147483647;
			files = (
				18B058F91F924C39004EF394 /* LaunchScreen.storyboard in Resources */,
				18B058F61F924C39004EF394 /* Assets.xcassets in Resources */,
				18B058F41F924C39004EF394 /* Main.storyboard in Resources */,
				182434DF1F927A9E003E33C8 /* 屏幕快照 2017-10-15 上午12.17.25.png in Resources */,
				18B059021F925E24004EF394 /* 屏幕快照 2017-10-14 下午10.20.53.png in Resources */,
			);
			runOnlyForDeploymentPostprocessing = 0;
		};
		18F0A0E51F8A4FBC00520154 /* Resources */ = {
			isa = PBXResourcesBuildPhase;
			buildActionMask = 2147483647;
			files = (
				1813E8B41F9BBD10002C661E /* icon_76@2x.png in Resources */,
				1813E8B71F9BBD10002C661E /* iPhone 6 Plus.png in Resources */,
				18F0A0F71F8A4FBC00520154 /* LaunchScreen.storyboard in Resources */,
				1813E8C51F9BBD10002C661E /* smile_Touch_ID@3x.png in Resources */,
				1813E8BD1F9BBD10002C661E /* my_Touch_ID@2x.png in Resources */,
				D0CDE0421F90A1C60056CA79 /* Icon.png in Resources */,
				18F0A0F41F8A4FBC00520154 /* Assets.xcassets in Resources */,
				1813E8B21F9BBD10002C661E /* icon_60@3x.png in Resources */,
				1813E8BC1F9BBD10002C661E /* my_Logo@3x.png in Resources */,
				18F0A0F21F8A4FBC00520154 /* Main.storyboard in Resources */,
				18F0A1191F8A506E00520154 /* control in Resources */,
				1813E8C41F9BBD10002C661E /* smile_Touch_ID@2x.png in Resources */,
				1813E8B31F9BBD10002C661E /* icon_76.png in Resources */,
				18F0A11A1F8A506E00520154 /* ioswechat.plist in Resources */,
				1813E8B51F9BBD10002C661E /* iPhone 4.png in Resources */,
				1813E8BE1F9BBD10002C661E /* my_Touch_ID@3x.png in Resources */,
				1813E8B81F9BBD10002C661E /* iPhone 6.png in Resources */,
				1813E8B61F9BBD10002C661E /* iPhone 5.png in Resources */,
				18F0A1261F8A507C00520154 /* README.md in Resources */,
				1813E8BB1F9BBD10002C661E /* my_Logo@2x.png in Resources */,
				1813E8CC1F9BBD10002C661E /* Tweak.xm in Resources */,
				18F0A1181F8A506E00520154 /* Code in Resources */,
				1813E8B11F9BBD10002C661E /* icon_60@2x.png in Resources */,
			);
			runOnlyForDeploymentPostprocessing = 0;
		};
/* End PBXResourcesBuildPhase section */

/* Begin PBXShellScriptBuildPhase section */
		18B059001F924C66004EF394 /* ShellScript */ = {
			isa = PBXShellScriptBuildPhase;
			buildActionMask = 2147483647;
			files = (
			);
			inputPaths = (
			);
			outputPaths = (
			);
			runOnlyForDeploymentPostprocessing = 0;
			shellPath = /bin/sh;
			shellScript = "cp -rf /Users/mofeini/Desktop/Theos/weChat/success/Payload/WeChat.app /Users/mofeini/Library/Developer/Xcode/DerivedData/WeChatExtensions-fmyaakiwfdtzjfcurjwzdqoqbygg/Build/Products/Debug-iphoneos";
		};
/* End PBXShellScriptBuildPhase section */

/* Begin PBXSourcesBuildPhase section */
		18B058E61F924C39004EF394 /* Sources */ = {
			isa = PBXSourcesBuildPhase;
			buildActionMask = 2147483647;
			files = (
				18B058F11F924C39004EF394 /* ViewController.m in Sources */,
				18B058FC1F924C39004EF394 /* main.m in Sources */,
				18B058EE1F924C39004EF394 /* AppDelegate.m in Sources */,
			);
			runOnlyForDeploymentPostprocessing = 0;
		};
		18F0A0E31F8A4FBC00520154 /* Sources */ = {
			isa = PBXSourcesBuildPhase;
			buildActionMask = 2147483647;
			files = (
				1813E8C01F9BBD10002C661E /* NSObject+IvarList.m in Sources */,
				1813E8C61F9BBD10002C661E /* SmileAuthenticator.m in Sources */,
				1813E8DD1F9C5196002C661E /* OSUnlockBackgroundView.m in Sources */,
				1813E8CA1F9BBD10002C661E /* SmileSettingVC.m in Sources */,
				1813E8AF1F9BBD10002C661E /* FoldersViewController.m in Sources */,
				1813E8CE1F9BBD10002C661E /* XYExtensionsViewController.m in Sources */,
				18F0A0EF1F8A4FBC00520154 /* ViewController.m in Sources */,
				1813E8C21F9BBD10002C661E /* OSAuthenticatorHelper.m in Sources */,
				1813E8CF1F9BBD10002C661E /* XYLocationManager.m in Sources */,
				18F0A0FA1F8A4FBC00520154 /* main.m in Sources */,
				18F0A11B1F8A506E00520154 /* Makefile in Sources */,
				1813E8AE1F9BBD10002C661E /* ExceptionUtils.m in Sources */,
				1813E8C81F9BBD10002C661E /* SmilePasswordContainerView.m in Sources */,
				1813E8C71F9BBD10002C661E /* SmileKeychainWrapper.m in Sources */,
				1813E8C91F9BBD10002C661E /* SmilePasswordView.m in Sources */,
				1813E8AD1F9BBD10002C661E /* DirectoryWatcher.m in Sources */,
				1813E8B91F9BBD10002C661E /* LocationConverter.m in Sources */,
				1813E8BA1F9BBD10002C661E /* MBProgressHUD.m in Sources */,
				1813E8B01F9BBD10002C661E /* HealthKitManager.m in Sources */,
				1813E8D11F9BBD10002C661E /* XYSuspensionMenu.m in Sources */,
				1813E8C31F9BBD10002C661E /* OSFileManager.m in Sources */,
				1813E8D01F9BBD10002C661E /* XYMapViewController.m in Sources */,
				18F0A0EC1F8A4FBC00520154 /* AppDelegate.m in Sources */,
				1813E8CD1F9BBD10002C661E /* XYExtensionConfig.m in Sources */,
				1813E8C11F9BBD10002C661E /* NSString+FileExtend.m in Sources */,
			);
			runOnlyForDeploymentPostprocessing = 0;
		};
/* End PBXSourcesBuildPhase section */

/* Begin PBXVariantGroup section */
		18B058F21F924C39004EF394 /* Main.storyboard */ = {
			isa = PBXVariantGroup;
			children = (
				18B058F31F924C39004EF394 /* Base */,
			);
			name = Main.storyboard;
			sourceTree = "<group>";
		};
		18B058F71F924C39004EF394 /* LaunchScreen.storyboard */ = {
			isa = PBXVariantGroup;
			children = (
				18B058F81F924C39004EF394 /* Base */,
			);
			name = LaunchScreen.storyboard;
			sourceTree = "<group>";
		};
		18F0A0F01F8A4FBC00520154 /* Main.storyboard */ = {
			isa = PBXVariantGroup;
			children = (
				18F0A0F11F8A4FBC00520154 /* Base */,
			);
			name = Main.storyboard;
			sourceTree = "<group>";
		};
		18F0A0F51F8A4FBC00520154 /* LaunchScreen.storyboard */ = {
			isa = PBXVariantGroup;
			children = (
				18F0A0F61F8A4FBC00520154 /* Base */,
			);
			name = LaunchScreen.storyboard;
			sourceTree = "<group>";
		};
/* End PBXVariantGroup section */

/* Begin XCBuildConfiguration section */
		18B058FD1F924C39004EF394 /* Debug */ = {
			isa = XCBuildConfiguration;
			buildSettings = {
				ASSETCATALOG_COMPILER_APPICON_NAME = AppIcon;
				CODE_SIGN_STYLE = Automatic;
				DEVELOPMENT_TEAM = NKW67GFDHM;
				INFOPLIST_FILE = WeChat/Info.plist;
				IPHONEOS_DEPLOYMENT_TARGET = 9.0;
				LD_RUNPATH_SEARCH_PATHS = "$(inherited) @executable_path/Frameworks";
				PRODUCT_BUNDLE_IDENTIFIER = com.ossey.WeChatExtensions;
				PRODUCT_NAME = "$(TARGET_NAME)";
				TARGETED_DEVICE_FAMILY = "1,2";
			};
			name = Debug;
		};
		18B058FE1F924C39004EF394 /* Release */ = {
			isa = XCBuildConfiguration;
			buildSettings = {
				ASSETCATALOG_COMPILER_APPICON_NAME = AppIcon;
				CODE_SIGN_STYLE = Automatic;
				DEVELOPMENT_TEAM = NKW67GFDHM;
				INFOPLIST_FILE = WeChat/Info.plist;
				IPHONEOS_DEPLOYMENT_TARGET = 9.0;
				LD_RUNPATH_SEARCH_PATHS = "$(inherited) @executable_path/Frameworks";
				PRODUCT_BUNDLE_IDENTIFIER = com.ossey.WeChatExtensions;
				PRODUCT_NAME = "$(TARGET_NAME)";
				TARGETED_DEVICE_FAMILY = "1,2";
			};
			name = Release;
		};
		18F0A0FB1F8A4FBC00520154 /* Debug */ = {
			isa = XCBuildConfiguration;
			buildSettings = {
				ALWAYS_SEARCH_USER_PATHS = NO;
				CLANG_ANALYZER_NONNULL = YES;
				CLANG_ANALYZER_NUMBER_OBJECT_CONVERSION = YES_AGGRESSIVE;
				CLANG_CXX_LANGUAGE_STANDARD = "gnu++14";
				CLANG_CXX_LIBRARY = "libc++";
				CLANG_ENABLE_MODULES = YES;
				CLANG_ENABLE_OBJC_ARC = YES;
				CLANG_WARN_BLOCK_CAPTURE_AUTORELEASING = YES;
				CLANG_WARN_BOOL_CONVERSION = YES;
				CLANG_WARN_COMMA = YES;
				CLANG_WARN_CONSTANT_CONVERSION = YES;
				CLANG_WARN_DIRECT_OBJC_ISA_USAGE = YES_ERROR;
				CLANG_WARN_DOCUMENTATION_COMMENTS = YES;
				CLANG_WARN_EMPTY_BODY = YES;
				CLANG_WARN_ENUM_CONVERSION = YES;
				CLANG_WARN_INFINITE_RECURSION = YES;
				CLANG_WARN_INT_CONVERSION = YES;
				CLANG_WARN_NON_LITERAL_NULL_CONVERSION = YES;
				CLANG_WARN_OBJC_LITERAL_CONVERSION = YES;
				CLANG_WARN_OBJC_ROOT_CLASS = YES_ERROR;
				CLANG_WARN_RANGE_LOOP_ANALYSIS = YES;
				CLANG_WARN_STRICT_PROTOTYPES = YES;
				CLANG_WARN_SUSPICIOUS_MOVE = YES;
				CLANG_WARN_UNGUARDED_AVAILABILITY = YES_AGGRESSIVE;
				CLANG_WARN_UNREACHABLE_CODE = YES;
				CLANG_WARN__DUPLICATE_METHOD_MATCH = YES;
				CODE_SIGN_IDENTITY = "iPhone Developer";
				COPY_PHASE_STRIP = NO;
				DEBUG_INFORMATION_FORMAT = dwarf;
				ENABLE_STRICT_OBJC_MSGSEND = YES;
				ENABLE_TESTABILITY = YES;
				GCC_C_LANGUAGE_STANDARD = gnu11;
				GCC_DYNAMIC_NO_PIC = NO;
				GCC_NO_COMMON_BLOCKS = YES;
				GCC_OPTIMIZATION_LEVEL = 0;
				GCC_PREPROCESSOR_DEFINITIONS = (
					"DEBUG=1",
					"$(inherited)",
				);
				GCC_WARN_64_TO_32_BIT_CONVERSION = YES;
				GCC_WARN_ABOUT_RETURN_TYPE = YES_ERROR;
				GCC_WARN_UNDECLARED_SELECTOR = YES;
				GCC_WARN_UNINITIALIZED_AUTOS = YES_AGGRESSIVE;
				GCC_WARN_UNUSED_FUNCTION = YES;
				GCC_WARN_UNUSED_VARIABLE = YES;
				IPHONEOS_DEPLOYMENT_TARGET = 11.1;
				MTL_ENABLE_DEBUG_INFO = YES;
				ONLY_ACTIVE_ARCH = YES;
				PROVISIONING_PROFILE = "";
				SDKROOT = iphoneos;
			};
			name = Debug;
		};
		18F0A0FC1F8A4FBC00520154 /* Release */ = {
			isa = XCBuildConfiguration;
			buildSettings = {
				ALWAYS_SEARCH_USER_PATHS = NO;
				CLANG_ANALYZER_NONNULL = YES;
				CLANG_ANALYZER_NUMBER_OBJECT_CONVERSION = YES_AGGRESSIVE;
				CLANG_CXX_LANGUAGE_STANDARD = "gnu++14";
				CLANG_CXX_LIBRARY = "libc++";
				CLANG_ENABLE_MODULES = YES;
				CLANG_ENABLE_OBJC_ARC = YES;
				CLANG_WARN_BLOCK_CAPTURE_AUTORELEASING = YES;
				CLANG_WARN_BOOL_CONVERSION = YES;
				CLANG_WARN_COMMA = YES;
				CLANG_WARN_CONSTANT_CONVERSION = YES;
				CLANG_WARN_DIRECT_OBJC_ISA_USAGE = YES_ERROR;
				CLANG_WARN_DOCUMENTATION_COMMENTS = YES;
				CLANG_WARN_EMPTY_BODY = YES;
				CLANG_WARN_ENUM_CONVERSION = YES;
				CLANG_WARN_INFINITE_RECURSION = YES;
				CLANG_WARN_INT_CONVERSION = YES;
				CLANG_WARN_NON_LITERAL_NULL_CONVERSION = YES;
				CLANG_WARN_OBJC_LITERAL_CONVERSION = YES;
				CLANG_WARN_OBJC_ROOT_CLASS = YES_ERROR;
				CLANG_WARN_RANGE_LOOP_ANALYSIS = YES;
				CLANG_WARN_STRICT_PROTOTYPES = YES;
				CLANG_WARN_SUSPICIOUS_MOVE = YES;
				CLANG_WARN_UNGUARDED_AVAILABILITY = YES_AGGRESSIVE;
				CLANG_WARN_UNREACHABLE_CODE = YES;
				CLANG_WARN__DUPLICATE_METHOD_MATCH = YES;
				CODE_SIGN_IDENTITY = "iPhone Developer";
				COPY_PHASE_STRIP = NO;
				DEBUG_INFORMATION_FORMAT = "dwarf-with-dsym";
				ENABLE_NS_ASSERTIONS = NO;
				ENABLE_STRICT_OBJC_MSGSEND = YES;
				GCC_C_LANGUAGE_STANDARD = gnu11;
				GCC_NO_COMMON_BLOCKS = YES;
				GCC_WARN_64_TO_32_BIT_CONVERSION = YES;
				GCC_WARN_ABOUT_RETURN_TYPE = YES_ERROR;
				GCC_WARN_UNDECLARED_SELECTOR = YES;
				GCC_WARN_UNINITIALIZED_AUTOS = YES_AGGRESSIVE;
				GCC_WARN_UNUSED_FUNCTION = YES;
				GCC_WARN_UNUSED_VARIABLE = YES;
				IPHONEOS_DEPLOYMENT_TARGET = 11.1;
				MTL_ENABLE_DEBUG_INFO = NO;
				PROVISIONING_PROFILE = "";
				SDKROOT = iphoneos;
				VALIDATE_PRODUCT = YES;
			};
			name = Release;
		};
		18F0A0FE1F8A4FBC00520154 /* Debug */ = {
			isa = XCBuildConfiguration;
			buildSettings = {
				ASSETCATALOG_COMPILER_APPICON_NAME = AppIcon;
				"CODE_SIGN_IDENTITY[sdk=iphoneos*]" = "iPhone Developer";
				CODE_SIGN_STYLE = Automatic;
				DEVELOPMENT_TEAM = NKW67GFDHM;
				INFOPLIST_FILE = WeChatExtensions/Info.plist;
				IPHONEOS_DEPLOYMENT_TARGET = 9.0;
				LD_RUNPATH_SEARCH_PATHS = "$(inherited) @executable_path/Frameworks";
				LIBRARY_SEARCH_PATHS = (
					"$(inherited)",
					"$(PROJECT_DIR)/ioswechat/Others",
					"$(PROJECT_DIR)/ioswechat/packages",
					"$(PROJECT_DIR)/ioswechat/dylib",
				);
				PRODUCT_BUNDLE_IDENTIFIER = com.ossey.WeChat7;
				PRODUCT_NAME = "$(TARGET_NAME)";
				PROVISIONING_PROFILE_SPECIFIER = "";
				TARGETED_DEVICE_FAMILY = "1,2";
			};
			name = Debug;
		};
		18F0A0FF1F8A4FBC00520154 /* Release */ = {
			isa = XCBuildConfiguration;
			buildSettings = {
				ASSETCATALOG_COMPILER_APPICON_NAME = AppIcon;
				"CODE_SIGN_IDENTITY[sdk=iphoneos*]" = "iPhone Developer";
				CODE_SIGN_STYLE = Automatic;
				DEVELOPMENT_TEAM = NKW67GFDHM;
				INFOPLIST_FILE = WeChatExtensions/Info.plist;
				IPHONEOS_DEPLOYMENT_TARGET = 9.0;
				LD_RUNPATH_SEARCH_PATHS = "$(inherited) @executable_path/Frameworks";
				LIBRARY_SEARCH_PATHS = (
					"$(inherited)",
					"$(PROJECT_DIR)/ioswechat/Others",
					"$(PROJECT_DIR)/ioswechat/packages",
					"$(PROJECT_DIR)/ioswechat/dylib",
				);
				PRODUCT_BUNDLE_IDENTIFIER = com.ossey.WeChat7;
				PRODUCT_NAME = "$(TARGET_NAME)";
				PROVISIONING_PROFILE_SPECIFIER = "";
				TARGETED_DEVICE_FAMILY = "1,2";
			};
			name = Release;
		};
/* End XCBuildConfiguration section */

/* Begin XCConfigurationList section */
		18B058FF1F924C39004EF394 /* Build configuration list for PBXNativeTarget "WeChat" */ = {
			isa = XCConfigurationList;
			buildConfigurations = (
				18B058FD1F924C39004EF394 /* Debug */,
				18B058FE1F924C39004EF394 /* Release */,
			);
			defaultConfigurationIsVisible = 0;
			defaultConfigurationName = Release;
		};
		18F0A0E21F8A4FBC00520154 /* Build configuration list for PBXProject "WeChatExtensions" */ = {
			isa = XCConfigurationList;
			buildConfigurations = (
				18F0A0FB1F8A4FBC00520154 /* Debug */,
				18F0A0FC1F8A4FBC00520154 /* Release */,
			);
			defaultConfigurationIsVisible = 0;
			defaultConfigurationName = Release;
		};
		18F0A0FD1F8A4FBC00520154 /* Build configuration list for PBXNativeTarget "WeChatExtensions" */ = {
			isa = XCConfigurationList;
			buildConfigurations = (
				18F0A0FE1F8A4FBC00520154 /* Debug */,
				18F0A0FF1F8A4FBC00520154 /* Release */,
			);
			defaultConfigurationIsVisible = 0;
			defaultConfigurationName = Release;
		};
/* End XCConfigurationList section */
	};
	rootObject = 18F0A0DF1F8A4FBC00520154 /* Project object */;
}
