// !$*UTF8*$!
{
	archiveVersion = 1;
	classes = {
	};
	objectVersion = 48;
	objects = {

/* Begin PBXBuildFile section */
		18F09F7E1F88662500520154 /* AppDelegate.m in Sources */ = {isa = PBXBuildFile; fileRef = 18F09F7D1F88662500520154 /* AppDelegate.m */; };
		18F09F811F88662500520154 /* ViewController.m in Sources */ = {isa = PBXBuildFile; fileRef = 18F09F801F88662500520154 /* ViewController.m */; };
		18F09F841F88662500520154 /* Main.storyboard in Resources */ = {isa = PBXBuildFile; fileRef = 18F09F821F88662500520154 /* Main.storyboard */; };
		18F09F861F88662500520154 /* Assets.xcassets in Resources */ = {isa = PBXBuildFile; fileRef = 18F09F851F88662500520154 /* Assets.xcassets */; };
		18F09F891F88662500520154 /* LaunchScreen.storyboard in Resources */ = {isa = PBXBuildFile; fileRef = 18F09F871F88662500520154 /* LaunchScreen.storyboard */; };
		18F09F8C1F88662500520154 /* main.m in Sources */ = {isa = PBXBuildFile; fileRef = 18F09F8B1F88662500520154 /* main.m */; };
		18F09F931F8866A200520154 /* README.md in Resources */ = {isa = PBXBuildFile; fileRef = 18F09F921F8866A100520154 /* README.md */; };
		18F0A0A21F8A2E8A00520154 /* control in Resources */ = {isa = PBXBuildFile; fileRef = 18F0A06D1F8A2E8A00520154 /* control */; };
		18F0A0A31F8A2E8A00520154 /* ioswechat.plist in Resources */ = {isa = PBXBuildFile; fileRef = 18F0A06E1F8A2E8A00520154 /* ioswechat.plist */; };
		18F0A0A41F8A2E8A00520154 /* Makefile in Sources */ = {isa = PBXBuildFile; fileRef = 18F0A06F1F8A2E8A00520154 /* Makefile */; };
		18F0A0A51F8A2E8A00520154 /* insert_dylib in Resources */ = {isa = PBXBuildFile; fileRef = 18F0A0731F8A2E8A00520154 /* insert_dylib */; };
		18F0A0A61F8A2E8A00520154 /* ioswechat.dylib in Frameworks */ = {isa = PBXBuildFile; fileRef = 18F0A0741F8A2E8A00520154 /* ioswechat.dylib */; };
		18F0A0A71F8A2E8A00520154 /* libsubstrate.dylib in Frameworks */ = {isa = PBXBuildFile; fileRef = 18F0A0751F8A2E8A00520154 /* libsubstrate.dylib */; };
		18F0A0A81F8A2E8A00520154 /* com.ossey.ioswechat_0.0.1-1+debug_iphoneos-arm.deb in Frameworks */ = {isa = PBXBuildFile; fileRef = 18F0A0771F8A2E8A00520154 /* com.ossey.ioswechat_0.0.1-1+debug_iphoneos-arm.deb */; };
		18F0A0A91F8A2E8A00520154 /* com.ossey.ioswechat_0.0.1-2+debug_iphoneos-arm.deb in Frameworks */ = {isa = PBXBuildFile; fileRef = 18F0A0781F8A2E8A00520154 /* com.ossey.ioswechat_0.0.1-2+debug_iphoneos-arm.deb */; };
		18F0A0AA1F8A2E8A00520154 /* com.ossey.ioswechat_0.0.1-3+debug_iphoneos-arm.deb in Frameworks */ = {isa = PBXBuildFile; fileRef = 18F0A0791F8A2E8A00520154 /* com.ossey.ioswechat_0.0.1-3+debug_iphoneos-arm.deb */; };
		18F0A0B11F8A2E8A00520154 /* Tweak.xm in Resources */ = {isa = PBXBuildFile; fileRef = 18F0A0871F8A2E8A00520154 /* Tweak.xm */; };
		18F0A0B71F8A30E200520154 /* XYExtensionsViewController.m in Sources */ = {isa = PBXBuildFile; fileRef = 18F0A0B61F8A30E200520154 /* XYExtensionsViewController.m */; };
		18F0A0BB1F8A366C00520154 /* XYExtensionMoudle.m in Sources */ = {isa = PBXBuildFile; fileRef = 18F0A0BA1F8A366C00520154 /* XYExtensionMoudle.m */; };
/* End PBXBuildFile section */

/* Begin PBXFileReference section */
		18F09F791F88662500520154 /* WeChatPlugin.app */ = {isa = PBXFileReference; explicitFileType = wrapper.application; includeInIndex = 0; path = WeChatPlugin.app; sourceTree = BUILT_PRODUCTS_DIR; };
		18F09F7C1F88662500520154 /* AppDelegate.h */ = {isa = PBXFileReference; lastKnownFileType = sourcecode.c.h; path = AppDelegate.h; sourceTree = "<group>"; };
		18F09F7D1F88662500520154 /* AppDelegate.m */ = {isa = PBXFileReference; lastKnownFileType = sourcecode.c.objc; path = AppDelegate.m; sourceTree = "<group>"; };
		18F09F7F1F88662500520154 /* ViewController.h */ = {isa = PBXFileReference; lastKnownFileType = sourcecode.c.h; path = ViewController.h; sourceTree = "<group>"; };
		18F09F801F88662500520154 /* ViewController.m */ = {isa = PBXFileReference; lastKnownFileType = sourcecode.c.objc; path = ViewController.m; sourceTree = "<group>"; };
		18F09F831F88662500520154 /* Base */ = {isa = PBXFileReference; lastKnownFileType = file.storyboard; name = Base; path = Base.lproj/Main.storyboard; sourceTree = "<group>"; };
		18F09F851F88662500520154 /* Assets.xcassets */ = {isa = PBXFileReference; lastKnownFileType = folder.assetcatalog; path = Assets.xcassets; sourceTree = "<group>"; };
		18F09F881F88662500520154 /* Base */ = {isa = PBXFileReference; lastKnownFileType = file.storyboard; name = Base; path = Base.lproj/LaunchScreen.storyboard; sourceTree = "<group>"; };
		18F09F8A1F88662500520154 /* Info.plist */ = {isa = PBXFileReference; lastKnownFileType = text.plist.xml; path = Info.plist; sourceTree = "<group>"; };
		18F09F8B1F88662500520154 /* main.m */ = {isa = PBXFileReference; lastKnownFileType = sourcecode.c.objc; path = main.m; sourceTree = "<group>"; };
		18F09F921F8866A100520154 /* README.md */ = {isa = PBXFileReference; fileEncoding = 4; lastKnownFileType = net.daringfireball.markdown; path = README.md; sourceTree = SOURCE_ROOT; };
		18F0A06D1F8A2E8A00520154 /* control */ = {isa = PBXFileReference; fileEncoding = 4; lastKnownFileType = text; path = control; sourceTree = "<group>"; };
		18F0A06E1F8A2E8A00520154 /* ioswechat.plist */ = {isa = PBXFileReference; lastKnownFileType = text.plist; path = ioswechat.plist; sourceTree = "<group>"; };
		18F0A06F1F8A2E8A00520154 /* Makefile */ = {isa = PBXFileReference; fileEncoding = 4; lastKnownFileType = sourcecode.make; path = Makefile; sourceTree = "<group>"; };
		18F0A0731F8A2E8A00520154 /* insert_dylib */ = {isa = PBXFileReference; lastKnownFileType = "compiled.mach-o.executable"; path = insert_dylib; sourceTree = "<group>"; };
		18F0A0741F8A2E8A00520154 /* ioswechat.dylib */ = {isa = PBXFileReference; lastKnownFileType = "compiled.mach-o.dylib"; path = ioswechat.dylib; sourceTree = "<group>"; };
		18F0A0751F8A2E8A00520154 /* libsubstrate.dylib */ = {isa = PBXFileReference; lastKnownFileType = "compiled.mach-o.dylib"; path = libsubstrate.dylib; sourceTree = "<group>"; };
		18F0A0771F8A2E8A00520154 /* com.ossey.ioswechat_0.0.1-1+debug_iphoneos-arm.deb */ = {isa = PBXFileReference; lastKnownFileType = archive.ar; path = "com.ossey.ioswechat_0.0.1-1+debug_iphoneos-arm.deb"; sourceTree = "<group>"; };
		18F0A0781F8A2E8A00520154 /* com.ossey.ioswechat_0.0.1-2+debug_iphoneos-arm.deb */ = {isa = PBXFileReference; lastKnownFileType = archive.ar; path = "com.ossey.ioswechat_0.0.1-2+debug_iphoneos-arm.deb"; sourceTree = "<group>"; };
		18F0A0791F8A2E8A00520154 /* com.ossey.ioswechat_0.0.1-3+debug_iphoneos-arm.deb */ = {isa = PBXFileReference; lastKnownFileType = archive.ar; path = "com.ossey.ioswechat_0.0.1-3+debug_iphoneos-arm.deb"; sourceTree = "<group>"; };
		18F0A0871F8A2E8A00520154 /* Tweak.xm */ = {isa = PBXFileReference; fileEncoding = 4; lastKnownFileType = text; path = Tweak.xm; sourceTree = "<group>"; };
		18F0A0B51F8A30E200520154 /* XYExtensionsViewController.h */ = {isa = PBXFileReference; fileEncoding = 4; lastKnownFileType = sourcecode.c.h; path = XYExtensionsViewController.h; sourceTree = "<group>"; };
		18F0A0B61F8A30E200520154 /* XYExtensionsViewController.m */ = {isa = PBXFileReference; fileEncoding = 4; lastKnownFileType = sourcecode.c.objc; path = XYExtensionsViewController.m; sourceTree = "<group>"; };
		18F0A0B81F8A32C900520154 /* WeChatHeaders.h */ = {isa = PBXFileReference; lastKnownFileType = sourcecode.c.h; path = WeChatHeaders.h; sourceTree = "<group>"; };
		18F0A0B91F8A366C00520154 /* XYExtensionMoudle.h */ = {isa = PBXFileReference; lastKnownFileType = sourcecode.c.h; path = XYExtensionMoudle.h; sourceTree = "<group>"; };
		18F0A0BA1F8A366C00520154 /* XYExtensionMoudle.m */ = {isa = PBXFileReference; lastKnownFileType = sourcecode.c.objc; path = XYExtensionMoudle.m; sourceTree = "<group>"; };
/* End PBXFileReference section */

/* Begin PBXFrameworksBuildPhase section */
		18F09F761F88662500520154 /* Frameworks */ = {
			isa = PBXFrameworksBuildPhase;
			buildActionMask = 2147483647;
			files = (
				18F0A0A81F8A2E8A00520154 /* com.ossey.ioswechat_0.0.1-1+debug_iphoneos-arm.deb in Frameworks */,
				18F0A0A91F8A2E8A00520154 /* com.ossey.ioswechat_0.0.1-2+debug_iphoneos-arm.deb in Frameworks */,
				18F0A0AA1F8A2E8A00520154 /* com.ossey.ioswechat_0.0.1-3+debug_iphoneos-arm.deb in Frameworks */,
				18F0A0A71F8A2E8A00520154 /* libsubstrate.dylib in Frameworks */,
				18F0A0A61F8A2E8A00520154 /* ioswechat.dylib in Frameworks */,
			);
			runOnlyForDeploymentPostprocessing = 0;
		};
/* End PBXFrameworksBuildPhase section */

/* Begin PBXGroup section */
		18F09F701F88662500520154 = {
			isa = PBXGroup;
			children = (
				18F09F7B1F88662500520154 /* WeChatPlugin */,
				18F09F7A1F88662500520154 /* Products */,
			);
			sourceTree = "<group>";
		};
		18F09F7A1F88662500520154 /* Products */ = {
			isa = PBXGroup;
			children = (
				18F09F791F88662500520154 /* WeChatPlugin.app */,
			);
			name = Products;
			sourceTree = "<group>";
		};
		18F09F7B1F88662500520154 /* WeChatPlugin */ = {
			isa = PBXGroup;
			children = (
				18F0A0451F8A2E8A00520154 /* ioswechat */,
				18F09F7C1F88662500520154 /* AppDelegate.h */,
				18F09F7D1F88662500520154 /* AppDelegate.m */,
				18F09F7F1F88662500520154 /* ViewController.h */,
				18F09F801F88662500520154 /* ViewController.m */,
				18F09F821F88662500520154 /* Main.storyboard */,
				18F09F851F88662500520154 /* Assets.xcassets */,
				18F09F871F88662500520154 /* LaunchScreen.storyboard */,
				18F09F8A1F88662500520154 /* Info.plist */,
				18F09F8B1F88662500520154 /* main.m */,
				18F09F921F8866A100520154 /* README.md */,
			);
			path = WeChatPlugin;
			sourceTree = "<group>";
		};
		18F0A0451F8A2E8A00520154 /* ioswechat */ = {
			isa = PBXGroup;
			children = (
				18F0A06D1F8A2E8A00520154 /* control */,
				18F0A06E1F8A2E8A00520154 /* ioswechat.plist */,
				18F0A06F1F8A2E8A00520154 /* Makefile */,
				18F0A0701F8A2E8A00520154 /* obj */,
				18F0A0721F8A2E8A00520154 /* Others */,
				18F0A0761F8A2E8A00520154 /* packages */,
				18F0A07A1F8A2E8A00520154 /* src */,
			);
			path = ioswechat;
			sourceTree = SOURCE_ROOT;
		};
		18F0A0701F8A2E8A00520154 /* obj */ = {
			isa = PBXGroup;
			children = (
				18F0A0711F8A2E8A00520154 /* debug */,
			);
			path = obj;
			sourceTree = "<group>";
		};
		18F0A0711F8A2E8A00520154 /* debug */ = {
			isa = PBXGroup;
			children = (
			);
			path = debug;
			sourceTree = "<group>";
		};
		18F0A0721F8A2E8A00520154 /* Others */ = {
			isa = PBXGroup;
			children = (
				18F0A0731F8A2E8A00520154 /* insert_dylib */,
				18F0A0741F8A2E8A00520154 /* ioswechat.dylib */,
				18F0A0751F8A2E8A00520154 /* libsubstrate.dylib */,
			);
			path = Others;
			sourceTree = "<group>";
		};
		18F0A0761F8A2E8A00520154 /* packages */ = {
			isa = PBXGroup;
			children = (
				18F0A0771F8A2E8A00520154 /* com.ossey.ioswechat_0.0.1-1+debug_iphoneos-arm.deb */,
				18F0A0781F8A2E8A00520154 /* com.ossey.ioswechat_0.0.1-2+debug_iphoneos-arm.deb */,
				18F0A0791F8A2E8A00520154 /* com.ossey.ioswechat_0.0.1-3+debug_iphoneos-arm.deb */,
			);
			path = packages;
			sourceTree = "<group>";
		};
		18F0A07A1F8A2E8A00520154 /* src */ = {
			isa = PBXGroup;
			children = (
				18F0A0B51F8A30E200520154 /* XYExtensionsViewController.h */,
				18F0A0B61F8A30E200520154 /* XYExtensionsViewController.m */,
				18F0A0B81F8A32C900520154 /* WeChatHeaders.h */,
				18F0A0B91F8A366C00520154 /* XYExtensionMoudle.h */,
				18F0A0BA1F8A366C00520154 /* XYExtensionMoudle.m */,
				18F0A0871F8A2E8A00520154 /* Tweak.xm */,
			);
			path = src;
			sourceTree = "<group>";
		};
/* End PBXGroup section */

/* Begin PBXNativeTarget section */
		18F09F781F88662500520154 /* WeChatPlugin */ = {
			isa = PBXNativeTarget;
			buildConfigurationList = 18F09F8F1F88662500520154 /* Build configuration list for PBXNativeTarget "WeChatPlugin" */;
			buildPhases = (
				18F09F751F88662500520154 /* Sources */,
				18F09F761F88662500520154 /* Frameworks */,
				18F09F771F88662500520154 /* Resources */,
			);
			buildRules = (
			);
			dependencies = (
			);
			name = WeChatPlugin;
			productName = WeChatPlugin;
			productReference = 18F09F791F88662500520154 /* WeChatPlugin.app */;
			productType = "com.apple.product-type.application";
		};
/* End PBXNativeTarget section */

/* Begin PBXProject section */
		18F09F711F88662500520154 /* Project object */ = {
			isa = PBXProject;
			attributes = {
				LastUpgradeCheck = 0910;
				ORGANIZATIONNAME = Ossey;
				TargetAttributes = {
					18F09F781F88662500520154 = {
						CreatedOnToolsVersion = 9.1;
						ProvisioningStyle = Automatic;
					};
				};
			};
			buildConfigurationList = 18F09F741F88662500520154 /* Build configuration list for PBXProject "WeChatPlugin" */;
			compatibilityVersion = "Xcode 8.0";
			developmentRegion = en;
			hasScannedForEncodings = 0;
			knownRegions = (
				en,
				Base,
			);
			mainGroup = 18F09F701F88662500520154;
			productRefGroup = 18F09F7A1F88662500520154 /* Products */;
			projectDirPath = "";
			projectRoot = "";
			targets = (
				18F09F781F88662500520154 /* WeChatPlugin */,
			);
		};
/* End PBXProject section */

/* Begin PBXResourcesBuildPhase section */
		18F09F771F88662500520154 /* Resources */ = {
			isa = PBXResourcesBuildPhase;
			buildActionMask = 2147483647;
			files = (
				18F0A0A21F8A2E8A00520154 /* control in Resources */,
				18F09F891F88662500520154 /* LaunchScreen.storyboard in Resources */,
				18F0A0B11F8A2E8A00520154 /* Tweak.xm in Resources */,
				18F09F861F88662500520154 /* Assets.xcassets in Resources */,
				18F09F931F8866A200520154 /* README.md in Resources */,
				18F0A0A31F8A2E8A00520154 /* ioswechat.plist in Resources */,
				18F0A0A51F8A2E8A00520154 /* insert_dylib in Resources */,
				18F09F841F88662500520154 /* Main.storyboard in Resources */,
			);
			runOnlyForDeploymentPostprocessing = 0;
		};
/* End PBXResourcesBuildPhase section */

/* Begin PBXSourcesBuildPhase section */
		18F09F751F88662500520154 /* Sources */ = {
			isa = PBXSourcesBuildPhase;
			buildActionMask = 2147483647;
			files = (
				18F09F811F88662500520154 /* ViewController.m in Sources */,
				18F09F8C1F88662500520154 /* main.m in Sources */,
				18F0A0B71F8A30E200520154 /* XYExtensionsViewController.m in Sources */,
				18F0A0A41F8A2E8A00520154 /* Makefile in Sources */,
				18F0A0BB1F8A366C00520154 /* XYExtensionMoudle.m in Sources */,
				18F09F7E1F88662500520154 /* AppDelegate.m in Sources */,
			);
			runOnlyForDeploymentPostprocessing = 0;
		};
/* End PBXSourcesBuildPhase section */

/* Begin PBXVariantGroup section */
		18F09F821F88662500520154 /* Main.storyboard */ = {
			isa = PBXVariantGroup;
			children = (
				18F09F831F88662500520154 /* Base */,
			);
			name = Main.storyboard;
			sourceTree = "<group>";
		};
		18F09F871F88662500520154 /* LaunchScreen.storyboard */ = {
			isa = PBXVariantGroup;
			children = (
				18F09F881F88662500520154 /* Base */,
			);
			name = LaunchScreen.storyboard;
			sourceTree = "<group>";
		};
/* End PBXVariantGroup section */

/* Begin XCBuildConfiguration section */
		18F09F8D1F88662500520154 /* Debug */ = {
			isa = XCBuildConfiguration;
			buildSettings = {
				ALWAYS_SEARCH_USER_PATHS = NO;
				CLANG_ANALYZER_NONNULL = YES;
				CLANG_ANALYZER_NUMBER_OBJECT_CONVERSION = YES_AGGRESSIVE;
				CLANG_CXX_LANGUAGE_STANDARD = "gnu++14";
				CLANG_CXX_LIBRARY = "libc++";
				CLANG_ENABLE_MODULES = YES;
				CLANG_ENABLE_OBJC_ARC = YES;
				CLANG_WARN_BLOCK_CAPTURE_AUTORELEASING = YES;
				CLANG_WARN_BOOL_CONVERSION = YES;
				CLANG_WARN_COMMA = YES;
				CLANG_WARN_CONSTANT_CONVERSION = YES;
				CLANG_WARN_DIRECT_OBJC_ISA_USAGE = YES_ERROR;
				CLANG_WARN_DOCUMENTATION_COMMENTS = YES;
				CLANG_WARN_EMPTY_BODY = YES;
				CLANG_WARN_ENUM_CONVERSION = YES;
				CLANG_WARN_INFINITE_RECURSION = YES;
				CLANG_WARN_INT_CONVERSION = YES;
				CLANG_WARN_NON_LITERAL_NULL_CONVERSION = YES;
				CLANG_WARN_OBJC_LITERAL_CONVERSION = YES;
				CLANG_WARN_OBJC_ROOT_CLASS = YES_ERROR;
				CLANG_WARN_RANGE_LOOP_ANALYSIS = YES;
				CLANG_WARN_STRICT_PROTOTYPES = YES;
				CLANG_WARN_SUSPICIOUS_MOVE = YES;
				CLANG_WARN_UNGUARDED_AVAILABILITY = YES_AGGRESSIVE;
				CLANG_WARN_UNREACHABLE_CODE = YES;
				CLANG_WARN__DUPLICATE_METHOD_MATCH = YES;
				CODE_SIGN_IDENTITY = "iPhone Developer";
				COPY_PHASE_STRIP = NO;
				DEBUG_INFORMATION_FORMAT = dwarf;
				ENABLE_STRICT_OBJC_MSGSEND = YES;
				ENABLE_TESTABILITY = YES;
				GCC_C_LANGUAGE_STANDARD = gnu11;
				GCC_DYNAMIC_NO_PIC = NO;
				GCC_NO_COMMON_BLOCKS = YES;
				GCC_OPTIMIZATION_LEVEL = 0;
				GCC_PREPROCESSOR_DEFINITIONS = (
					"DEBUG=1",
					"$(inherited)",
				);
				GCC_WARN_64_TO_32_BIT_CONVERSION = YES;
				GCC_WARN_ABOUT_RETURN_TYPE = YES_ERROR;
				GCC_WARN_UNDECLARED_SELECTOR = YES;
				GCC_WARN_UNINITIALIZED_AUTOS = YES_AGGRESSIVE;
				GCC_WARN_UNUSED_FUNCTION = YES;
				GCC_WARN_UNUSED_VARIABLE = YES;
				IPHONEOS_DEPLOYMENT_TARGET = 11.1;
				MTL_ENABLE_DEBUG_INFO = YES;
				ONLY_ACTIVE_ARCH = YES;
				SDKROOT = iphoneos;
			};
			name = Debug;
		};
		18F09F8E1F88662500520154 /* Release */ = {
			isa = XCBuildConfiguration;
			buildSettings = {
				ALWAYS_SEARCH_USER_PATHS = NO;
				CLANG_ANALYZER_NONNULL = YES;
				CLANG_ANALYZER_NUMBER_OBJECT_CONVERSION = YES_AGGRESSIVE;
				CLANG_CXX_LANGUAGE_STANDARD = "gnu++14";
				CLANG_CXX_LIBRARY = "libc++";
				CLANG_ENABLE_MODULES = YES;
				CLANG_ENABLE_OBJC_ARC = YES;
				CLANG_WARN_BLOCK_CAPTURE_AUTORELEASING = YES;
				CLANG_WARN_BOOL_CONVERSION = YES;
				CLANG_WARN_COMMA = YES;
				CLANG_WARN_CONSTANT_CONVERSION = YES;
				CLANG_WARN_DIRECT_OBJC_ISA_USAGE = YES_ERROR;
				CLANG_WARN_DOCUMENTATION_COMMENTS = YES;
				CLANG_WARN_EMPTY_BODY = YES;
				CLANG_WARN_ENUM_CONVERSION = YES;
				CLANG_WARN_INFINITE_RECURSION = YES;
				CLANG_WARN_INT_CONVERSION = YES;
				CLANG_WARN_NON_LITERAL_NULL_CONVERSION = YES;
				CLANG_WARN_OBJC_LITERAL_CONVERSION = YES;
				CLANG_WARN_OBJC_ROOT_CLASS = YES_ERROR;
				CLANG_WARN_RANGE_LOOP_ANALYSIS = YES;
				CLANG_WARN_STRICT_PROTOTYPES = YES;
				CLANG_WARN_SUSPICIOUS_MOVE = YES;
				CLANG_WARN_UNGUARDED_AVAILABILITY = YES_AGGRESSIVE;
				CLANG_WARN_UNREACHABLE_CODE = YES;
				CLANG_WARN__DUPLICATE_METHOD_MATCH = YES;
				CODE_SIGN_IDENTITY = "iPhone Developer";
				COPY_PHASE_STRIP = NO;
				DEBUG_INFORMATION_FORMAT = "dwarf-with-dsym";
				ENABLE_NS_ASSERTIONS = NO;
				ENABLE_STRICT_OBJC_MSGSEND = YES;
				GCC_C_LANGUAGE_STANDARD = gnu11;
				GCC_NO_COMMON_BLOCKS = YES;
				GCC_WARN_64_TO_32_BIT_CONVERSION = YES;
				GCC_WARN_ABOUT_RETURN_TYPE = YES_ERROR;
				GCC_WARN_UNDECLARED_SELECTOR = YES;
				GCC_WARN_UNINITIALIZED_AUTOS = YES_AGGRESSIVE;
				GCC_WARN_UNUSED_FUNCTION = YES;
				GCC_WARN_UNUSED_VARIABLE = YES;
				IPHONEOS_DEPLOYMENT_TARGET = 11.1;
				MTL_ENABLE_DEBUG_INFO = NO;
				SDKROOT = iphoneos;
				VALIDATE_PRODUCT = YES;
			};
			name = Release;
		};
		18F09F901F88662500520154 /* Debug */ = {
			isa = XCBuildConfiguration;
			buildSettings = {
				ASSETCATALOG_COMPILER_APPICON_NAME = AppIcon;
				CODE_SIGN_STYLE = Automatic;
				DEVELOPMENT_TEAM = NKW67GFDHM;
				INFOPLIST_FILE = WeChatPlugin/Info.plist;
				IPHONEOS_DEPLOYMENT_TARGET = 9.0;
				LD_RUNPATH_SEARCH_PATHS = "$(inherited) @executable_path/Frameworks";
				LIBRARY_SEARCH_PATHS = (
					"$(inherited)",
					"$(PROJECT_DIR)/ioswechat/.theos/_/Library/MobileSubstrate/DynamicLibraries",
					"$(PROJECT_DIR)/ioswechat/.theos/obj/debug/arm64",
					"$(PROJECT_DIR)/ioswechat/.theos/obj/debug/armv7",
					"$(PROJECT_DIR)/ioswechat/.theos/obj/debug",
					"$(PROJECT_DIR)/ioswechat/Others",
					"$(PROJECT_DIR)/ioswechat/packages",
				);
				PRODUCT_BUNDLE_IDENTIFIER = com.ossey.WeChatPlugin;
				PRODUCT_NAME = "$(TARGET_NAME)";
				TARGETED_DEVICE_FAMILY = "1,2";
			};
			name = Debug;
		};
		18F09F911F88662500520154 /* Release */ = {
			isa = XCBuildConfiguration;
			buildSettings = {
				ASSETCATALOG_COMPILER_APPICON_NAME = AppIcon;
				CODE_SIGN_STYLE = Automatic;
				DEVELOPMENT_TEAM = NKW67GFDHM;
				INFOPLIST_FILE = WeChatPlugin/Info.plist;
				IPHONEOS_DEPLOYMENT_TARGET = 9.0;
				LD_RUNPATH_SEARCH_PATHS = "$(inherited) @executable_path/Frameworks";
				LIBRARY_SEARCH_PATHS = (
					"$(inherited)",
					"$(PROJECT_DIR)/ioswechat/.theos/_/Library/MobileSubstrate/DynamicLibraries",
					"$(PROJECT_DIR)/ioswechat/.theos/obj/debug/arm64",
					"$(PROJECT_DIR)/ioswechat/.theos/obj/debug/armv7",
					"$(PROJECT_DIR)/ioswechat/.theos/obj/debug",
					"$(PROJECT_DIR)/ioswechat/Others",
					"$(PROJECT_DIR)/ioswechat/packages",
				);
				PRODUCT_BUNDLE_IDENTIFIER = com.ossey.WeChatPlugin;
				PRODUCT_NAME = "$(TARGET_NAME)";
				TARGETED_DEVICE_FAMILY = "1,2";
			};
			name = Release;
		};
/* End XCBuildConfiguration section */

/* Begin XCConfigurationList section */
		18F09F741F88662500520154 /* Build configuration list for PBXProject "WeChatPlugin" */ = {
			isa = XCConfigurationList;
			buildConfigurations = (
				18F09F8D1F88662500520154 /* Debug */,
				18F09F8E1F88662500520154 /* Release */,
			);
			defaultConfigurationIsVisible = 0;
			defaultConfigurationName = Release;
		};
		18F09F8F1F88662500520154 /* Build configuration list for PBXNativeTarget "WeChatPlugin" */ = {
			isa = XCConfigurationList;
			buildConfigurations = (
				18F09F901F88662500520154 /* Debug */,
				18F09F911F88662500520154 /* Release */,
			);
			defaultConfigurationIsVisible = 0;
			defaultConfigurationName = Release;
		};
/* End XCConfigurationList section */
	};
	rootObject = 18F09F711F88662500520154 /* Project object */;
}
